
Microsoft Visual Studio Solution File, Format Version 12.00
# Visual Studio 14
VisualStudioVersion = 14.0.23107.0
MinimumVisualStudioVersion = 10.0.40219.1
Project("{FAE04EC0-301F-11D3-BF4B-00C04F79EFBC}") = "Hubb.Core", "Hubb.Core\Hubb.Core.csproj", "{68CFF45E-0F75-4E73-B033-EEEE94AEE48E}"
EndProject
Project("{FAE04EC0-301F-11D3-BF4B-00C04F79EFBC}") = "Hubb.Tests", "Hubb.Tests\Hubb.Tests.csproj", "{EA1FD5FC-39BB-4B4C-BF4E-B2C7BC66D267}"
EndProject
Project("{2150E333-8FDC-42A3-9474-1A3956D46DE8}") = "Xamarin.Native", "Xamarin.Native", "{A49E0F9E-07C8-405D-90EF-B52787055796}"
EndProject
Project("{FAE04EC0-301F-11D3-BF4B-00C04F79EFBC}") = "Hubb.App.UWP", "Hubb.App.UWP\Hubb.App.UWP.csproj", "{CC302C20-2355-42C2-AFC4-FE52D41191DC}"
EndProject
Project("{2150E333-8FDC-42A3-9474-1A3956D46DE8}") = "Xamarin.Forms", "Xamarin.Forms", "{5882BB5B-58A9-4933-91EF-68B95420C283}"
EndProject
Project("{FAE04EC0-301F-11D3-BF4B-00C04F79EFBC}") = "Hubb.App.Android", "Hubb.App.Android\Hubb.App.Android.csproj", "{E033292C-1101-44F4-867D-083EF8DB215F}"
EndProject
Global
	GlobalSection(SolutionConfigurationPlatforms) = preSolution
		Debug|Any CPU = Debug|Any CPU
		Debug|ARM = Debug|ARM
		Debug|x64 = Debug|x64
		Debug|x86 = Debug|x86
		Release|Any CPU = Release|Any CPU
		Release|ARM = Release|ARM
		Release|x64 = Release|x64
		Release|x86 = Release|x86
	EndGlobalSection
	GlobalSection(ProjectConfigurationPlatforms) = postSolution
		{68CFF45E-0F75-4E73-B033-EEEE94AEE48E}.Debug|Any CPU.ActiveCfg = Debug|Any CPU
		{68CFF45E-0F75-4E73-B033-EEEE94AEE48E}.Debug|Any CPU.Build.0 = Debug|Any CPU
		{68CFF45E-0F75-4E73-B033-EEEE94AEE48E}.Debug|ARM.ActiveCfg = Debug|Any CPU
		{68CFF45E-0F75-4E73-B033-EEEE94AEE48E}.Debug|ARM.Build.0 = Debug|Any CPU
		{68CFF45E-0F75-4E73-B033-EEEE94AEE48E}.Debug|x64.ActiveCfg = Debug|Any CPU
		{68CFF45E-0F75-4E73-B033-EEEE94AEE48E}.Debug|x64.Build.0 = Debug|Any CPU
		{68CFF45E-0F75-4E73-B033-EEEE94AEE48E}.Debug|x86.ActiveCfg = Debug|Any CPU
		{68CFF45E-0F75-4E73-B033-EEEE94AEE48E}.Debug|x86.Build.0 = Debug|Any CPU
		{68CFF45E-0F75-4E73-B033-EEEE94AEE48E}.Release|Any CPU.ActiveCfg = Release|Any CPU
		{68CFF45E-0F75-4E73-B033-EEEE94AEE48E}.Release|Any CPU.Build.0 = Release|Any CPU
		{68CFF45E-0F75-4E73-B033-EEEE94AEE48E}.Release|ARM.ActiveCfg = Release|Any CPU
		{68CFF45E-0F75-4E73-B033-EEEE94AEE48E}.Release|ARM.Build.0 = Release|Any CPU
		{68CFF45E-0F75-4E73-B033-EEEE94AEE48E}.Release|x64.ActiveCfg = Release|Any CPU
		{68CFF45E-0F75-4E73-B033-EEEE94AEE48E}.Release|x64.Build.0 = Release|Any CPU
		{68CFF45E-0F75-4E73-B033-EEEE94AEE48E}.Release|x86.ActiveCfg = Release|Any CPU
		{68CFF45E-0F75-4E73-B033-EEEE94AEE48E}.Release|x86.Build.0 = Release|Any CPU
		{EA1FD5FC-39BB-4B4C-BF4E-B2C7BC66D267}.Debug|Any CPU.ActiveCfg = Debug|Any CPU
		{EA1FD5FC-39BB-4B4C-BF4E-B2C7BC66D267}.Debug|Any CPU.Build.0 = Debug|Any CPU
		{EA1FD5FC-39BB-4B4C-BF4E-B2C7BC66D267}.Debug|ARM.ActiveCfg = Debug|Any CPU
		{EA1FD5FC-39BB-4B4C-BF4E-B2C7BC66D267}.Debug|ARM.Build.0 = Debug|Any CPU
		{EA1FD5FC-39BB-4B4C-BF4E-B2C7BC66D267}.Debug|x64.ActiveCfg = Debug|Any CPU
		{EA1FD5FC-39BB-4B4C-BF4E-B2C7BC66D267}.Debug|x64.Build.0 = Debug|Any CPU
		{EA1FD5FC-39BB-4B4C-BF4E-B2C7BC66D267}.Debug|x86.ActiveCfg = Debug|Any CPU
		{EA1FD5FC-39BB-4B4C-BF4E-B2C7BC66D267}.Debug|x86.Build.0 = Debug|Any CPU
		{EA1FD5FC-39BB-4B4C-BF4E-B2C7BC66D267}.Release|Any CPU.ActiveCfg = Release|Any CPU
		{EA1FD5FC-39BB-4B4C-BF4E-B2C7BC66D267}.Release|Any CPU.Build.0 = Release|Any CPU
		{EA1FD5FC-39BB-4B4C-BF4E-B2C7BC66D267}.Release|ARM.ActiveCfg = Release|Any CPU
		{EA1FD5FC-39BB-4B4C-BF4E-B2C7BC66D267}.Release|ARM.Build.0 = Release|Any CPU
		{EA1FD5FC-39BB-4B4C-BF4E-B2C7BC66D267}.Release|x64.ActiveCfg = Release|Any CPU
		{EA1FD5FC-39BB-4B4C-BF4E-B2C7BC66D267}.Release|x64.Build.0 = Release|Any CPU
		{EA1FD5FC-39BB-4B4C-BF4E-B2C7BC66D267}.Release|x86.ActiveCfg = Release|Any CPU
		{EA1FD5FC-39BB-4B4C-BF4E-B2C7BC66D267}.Release|x86.Build.0 = Release|Any CPU
		{CC302C20-2355-42C2-AFC4-FE52D41191DC}.Debug|Any CPU.ActiveCfg = Debug|x86
		{CC302C20-2355-42C2-AFC4-FE52D41191DC}.Debug|ARM.ActiveCfg = Debug|ARM
		{CC302C20-2355-42C2-AFC4-FE52D41191DC}.Debug|ARM.Build.0 = Debug|ARM
		{CC302C20-2355-42C2-AFC4-FE52D41191DC}.Debug|ARM.Deploy.0 = Debug|ARM
		{CC302C20-2355-42C2-AFC4-FE52D41191DC}.Debug|x64.ActiveCfg = Debug|x64
		{CC302C20-2355-42C2-AFC4-FE52D41191DC}.Debug|x64.Build.0 = Debug|x64
		{CC302C20-2355-42C2-AFC4-FE52D41191DC}.Debug|x64.Deploy.0 = Debug|x64
		{CC302C20-2355-42C2-AFC4-FE52D41191DC}.Debug|x86.ActiveCfg = Debug|x86
		{CC302C20-2355-42C2-AFC4-FE52D41191DC}.Debug|x86.Build.0 = Debug|x86
		{CC302C20-2355-42C2-AFC4-FE52D41191DC}.Debug|x86.Deploy.0 = Debug|x86
		{CC302C20-2355-42C2-AFC4-FE52D41191DC}.Release|Any CPU.ActiveCfg = Release|x86
		{CC302C20-2355-42C2-AFC4-FE52D41191DC}.Release|ARM.ActiveCfg = Release|ARM
		{CC302C20-2355-42C2-AFC4-FE52D41191DC}.Release|ARM.Build.0 = Release|ARM
		{CC302C20-2355-42C2-AFC4-FE52D41191DC}.Release|ARM.Deploy.0 = Release|ARM
		{CC302C20-2355-42C2-AFC4-FE52D41191DC}.Release|x64.ActiveCfg = Release|x64
		{CC302C20-2355-42C2-AFC4-FE52D41191DC}.Release|x64.Build.0 = Release|x64
		{CC302C20-2355-42C2-AFC4-FE52D41191DC}.Release|x64.Deploy.0 = Release|x64
		{CC302C20-2355-42C2-AFC4-FE52D41191DC}.Release|x86.ActiveCfg = Release|x86
		{CC302C20-2355-42C2-AFC4-FE52D41191DC}.Release|x86.Build.0 = Release|x86
		{CC302C20-2355-42C2-AFC4-FE52D41191DC}.Release|x86.Deploy.0 = Release|x86
		{E033292C-1101-44F4-867D-083EF8DB215F}.Debug|Any CPU.ActiveCfg = Debug|Any CPU
		{E033292C-1101-44F4-867D-083EF8DB215F}.Debug|Any CPU.Build.0 = Debug|Any CPU
		{E033292C-1101-44F4-867D-083EF8DB215F}.Debug|Any CPU.Deploy.0 = Debug|Any CPU
		{E033292C-1101-44F4-867D-083EF8DB215F}.Debug|ARM.ActiveCfg = Debug|Any CPU
		{E033292C-1101-44F4-867D-083EF8DB215F}.Debug|ARM.Build.0 = Debug|Any CPU
		{E033292C-1101-44F4-867D-083EF8DB215F}.Debug|ARM.Deploy.0 = Debug|Any CPU
		{E033292C-1101-44F4-867D-083EF8DB215F}.Debug|x64.ActiveCfg = Debug|Any CPU
		{E033292C-1101-44F4-867D-083EF8DB215F}.Debug|x64.Build.0 = Debug|Any CPU
		{E033292C-1101-44F4-867D-083EF8DB215F}.Debug|x64.Deploy.0 = Debug|Any CPU
		{E033292C-1101-44F4-867D-083EF8DB215F}.Debug|x86.ActiveCfg = Debug|Any CPU
		{E033292C-1101-44F4-867D-083EF8DB215F}.Debug|x86.Build.0 = Debug|Any CPU
		{E033292C-1101-44F4-867D-083EF8DB215F}.Debug|x86.Deploy.0 = Debug|Any CPU
		{E033292C-1101-44F4-867D-083EF8DB215F}.Release|Any CPU.ActiveCfg = Release|Any CPU
		{E033292C-1101-44F4-867D-083EF8DB215F}.Release|Any CPU.Build.0 = Release|Any CPU
		{E033292C-1101-44F4-867D-083EF8DB215F}.Release|Any CPU.Deploy.0 = Release|Any CPU
		{E033292C-1101-44F4-867D-083EF8DB215F}.Release|ARM.ActiveCfg = Release|Any CPU
		{E033292C-1101-44F4-867D-083EF8DB215F}.Release|ARM.Build.0 = Release|Any CPU
		{E033292C-1101-44F4-867D-083EF8DB215F}.Release|ARM.Deploy.0 = Release|Any CPU
		{E033292C-1101-44F4-867D-083EF8DB215F}.Release|x64.ActiveCfg = Release|Any CPU
		{E033292C-1101-44F4-867D-083EF8DB215F}.Release|x64.Build.0 = Release|Any CPU
		{E033292C-1101-44F4-867D-083EF8DB215F}.Release|x64.Deploy.0 = Release|Any CPU
		{E033292C-1101-44F4-867D-083EF8DB215F}.Release|x86.ActiveCfg = Release|Any CPU
		{E033292C-1101-44F4-867D-083EF8DB215F}.Release|x86.Build.0 = Release|Any CPU
		{E033292C-1101-44F4-867D-083EF8DB215F}.Release|x86.Deploy.0 = Release|Any CPU
	EndGlobalSection
	GlobalSection(SolutionProperties) = preSolution
		HideSolutionNode = FALSE
	EndGlobalSection
	GlobalSection(NestedProjects) = preSolution
		{CC302C20-2355-42C2-AFC4-FE52D41191DC} = {A49E0F9E-07C8-405D-90EF-B52787055796}
		{E033292C-1101-44F4-867D-083EF8DB215F} = {A49E0F9E-07C8-405D-90EF-B52787055796}
	EndGlobalSection
EndGlobal
