
Microsoft Visual Studio Solution File, Format Version 12.00
# Visual Studio 14
VisualStudioVersion = 14.0.25123.0
MinimumVisualStudioVersion = 10.0.40219.1
Project("{FAE04EC0-301F-11D3-BF4B-00C04F79EFBC}") = "Hubb.Core", "Hubb.Core\Hubb.Core.csproj", "{053EAD11-AF14-4387-A944-99550A598FAA}"
EndProject
Project("{FAE04EC0-301F-11D3-BF4B-00C04F79EFBC}") = "Hubb.App.UWP", "Hubb.App.UWP\Hubb.App.UWP.csproj", "{28084A94-4841-4933-A43A-DB461F642E49}"
EndProject
Global
	GlobalSection(SolutionConfigurationPlatforms) = preSolution
		Debug|Any CPU = Debug|Any CPU
		Debug|ARM = Debug|ARM
		Debug|x64 = Debug|x64
		Debug|x86 = Debug|x86
		Release|Any CPU = Release|Any CPU
		Release|ARM = Release|ARM
		Release|x64 = Release|x64
		Release|x86 = Release|x86
	EndGlobalSection
	GlobalSection(ProjectConfigurationPlatforms) = postSolution
		{053EAD11-AF14-4387-A944-99550A598FAA}.Debug|Any CPU.ActiveCfg = Debug|Any CPU
		{053EAD11-AF14-4387-A944-99550A598FAA}.Debug|Any CPU.Build.0 = Debug|Any CPU
		{053EAD11-AF14-4387-A944-99550A598FAA}.Debug|ARM.ActiveCfg = Debug|Any CPU
		{053EAD11-AF14-4387-A944-99550A598FAA}.Debug|ARM.Build.0 = Debug|Any CPU
		{053EAD11-AF14-4387-A944-99550A598FAA}.Debug|x64.ActiveCfg = Debug|Any CPU
		{053EAD11-AF14-4387-A944-99550A598FAA}.Debug|x64.Build.0 = Debug|Any CPU
		{053EAD11-AF14-4387-A944-99550A598FAA}.Debug|x86.ActiveCfg = Debug|Any CPU
		{053EAD11-AF14-4387-A944-99550A598FAA}.Debug|x86.Build.0 = Debug|Any CPU
		{053EAD11-AF14-4387-A944-99550A598FAA}.Release|Any CPU.ActiveCfg = Release|Any CPU
		{053EAD11-AF14-4387-A944-99550A598FAA}.Release|Any CPU.Build.0 = Release|Any CPU
		{053EAD11-AF14-4387-A944-99550A598FAA}.Release|ARM.ActiveCfg = Release|Any CPU
		{053EAD11-AF14-4387-A944-99550A598FAA}.Release|ARM.Build.0 = Release|Any CPU
		{053EAD11-AF14-4387-A944-99550A598FAA}.Release|x64.ActiveCfg = Release|Any CPU
		{053EAD11-AF14-4387-A944-99550A598FAA}.Release|x64.Build.0 = Release|Any CPU
		{053EAD11-AF14-4387-A944-99550A598FAA}.Release|x86.ActiveCfg = Release|Any CPU
		{053EAD11-AF14-4387-A944-99550A598FAA}.Release|x86.Build.0 = Release|Any CPU
		{28084A94-4841-4933-A43A-DB461F642E49}.Debug|Any CPU.ActiveCfg = Debug|x86
		{28084A94-4841-4933-A43A-DB461F642E49}.Debug|ARM.ActiveCfg = Debug|ARM
		{28084A94-4841-4933-A43A-DB461F642E49}.Debug|ARM.Build.0 = Debug|ARM
		{28084A94-4841-4933-A43A-DB461F642E49}.Debug|ARM.Deploy.0 = Debug|ARM
		{28084A94-4841-4933-A43A-DB461F642E49}.Debug|x64.ActiveCfg = Debug|x64
		{28084A94-4841-4933-A43A-DB461F642E49}.Debug|x64.Build.0 = Debug|x64
		{28084A94-4841-4933-A43A-DB461F642E49}.Debug|x64.Deploy.0 = Debug|x64
		{28084A94-4841-4933-A43A-DB461F642E49}.Debug|x86.ActiveCfg = Debug|x86
		{28084A94-4841-4933-A43A-DB461F642E49}.Debug|x86.Build.0 = Debug|x86
		{28084A94-4841-4933-A43A-DB461F642E49}.Debug|x86.Deploy.0 = Debug|x86
		{28084A94-4841-4933-A43A-DB461F642E49}.Release|Any CPU.ActiveCfg = Release|x86
		{28084A94-4841-4933-A43A-DB461F642E49}.Release|ARM.ActiveCfg = Release|ARM
		{28084A94-4841-4933-A43A-DB461F642E49}.Release|ARM.Build.0 = Release|ARM
		{28084A94-4841-4933-A43A-DB461F642E49}.Release|ARM.Deploy.0 = Release|ARM
		{28084A94-4841-4933-A43A-DB461F642E49}.Release|x64.ActiveCfg = Release|x64
		{28084A94-4841-4933-A43A-DB461F642E49}.Release|x64.Build.0 = Release|x64
		{28084A94-4841-4933-A43A-DB461F642E49}.Release|x64.Deploy.0 = Release|x64
		{28084A94-4841-4933-A43A-DB461F642E49}.Release|x86.ActiveCfg = Release|x86
		{28084A94-4841-4933-A43A-DB461F642E49}.Release|x86.Build.0 = Release|x86
		{28084A94-4841-4933-A43A-DB461F642E49}.Release|x86.Deploy.0 = Release|x86
	EndGlobalSection
	GlobalSection(SolutionProperties) = preSolution
		HideSolutionNode = FALSE
	EndGlobalSection
EndGlobal
