
Microsoft Visual Studio Solution File, Format Version 12.00
# Visual Studio 14
VisualStudioVersion = 14.0.25420.1
MinimumVisualStudioVersion = 10.0.40219.1
Project("{FAE04EC0-301F-11D3-BF4B-00C04F79EFBC}") = "NDC.Build.Core", "NDC.Build.Core\NDC.Build.Core.csproj", "{2787049F-E446-46DB-A570-AD874831AB1C}"
EndProject
Project("{FAE04EC0-301F-11D3-BF4B-00C04F79EFBC}") = "NDC.Build.Tests", "NDC.Build.Tests\NDC.Build.Tests.csproj", "{80539AD2-5E2C-43D9-A5F0-8A17B0DBCD0C}"
EndProject
Project("{FAE04EC0-301F-11D3-BF4B-00C04F79EFBC}") = "NDC.Build.App.UWP", "NDC.Build.App.UWP\NDC.Build.App.UWP.csproj", "{09B3C482-35E5-4CBB-8A90-A7C80AD1B46C}"
EndProject
Project("{FAE04EC0-301F-11D3-BF4B-00C04F79EFBC}") = "NDC.Build.App.Droid", "NDC.Build.App.Droid\NDC.Build.App.Droid.csproj", "{E033292C-1101-44F4-867D-083EF8DB215F}"
EndProject
Project("{FAE04EC0-301F-11D3-BF4B-00C04F79EFBC}") = "NDC.Build.Forms.Core", "NDC.Build.Forms.Core\NDC.Build.Forms.Core.csproj", "{21CFFA7F-A708-4FE6-B6CB-4D4BC379A154}"
EndProject
Project("{FAE04EC0-301F-11D3-BF4B-00C04F79EFBC}") = "NDC.Build.Forms.App.UWP", "NDC.Build.Forms.App.UWP\NDC.Build.Forms.App.UWP.csproj", "{31D7B9FB-C958-4575-BA9C-6422D76839AE}"
EndProject
Project("{FAE04EC0-301F-11D3-BF4B-00C04F79EFBC}") = "NDC.Build.Forms.App.Droid", "NDC.Build.Forms.App.Droid\NDC.Build.Forms.App.Droid.csproj", "{7A9B8D58-242C-4AEF-8450-00BE1EB7C9A9}"
EndProject
Project("{2150E333-8FDC-42A3-9474-1A3956D46DE8}") = "NDC.Builds.Forms", "NDC.Builds.Forms", "{5BAF5379-6546-49D5-9246-B14A46B3BEDD}"
EndProject
Project("{FAE04EC0-301F-11D3-BF4B-00C04F79EFBC}") = "NDC.Build.App.iOS", "NDC.Build.App.iOS\NDC.Build.App.iOS.csproj", "{F98DAD2B-7642-4364-ADE4-99B7DE3191E1}"
EndProject
Project("{FAE04EC0-301F-11D3-BF4B-00C04F79EFBC}") = "NDC.Build.Forms.App.iOS", "NDC.Build.Forms.App.iOS\NDC.Build.Forms.App.iOS.csproj", "{58FB4A12-5CC7-4CC0-89AD-BA106B78BCBC}"
EndProject
Global
	GlobalSection(SolutionConfigurationPlatforms) = preSolution
		Ad-Hoc|Any CPU = Ad-Hoc|Any CPU
		Ad-Hoc|ARM = Ad-Hoc|ARM
		Ad-Hoc|iPhone = Ad-Hoc|iPhone
		Ad-Hoc|iPhoneSimulator = Ad-Hoc|iPhoneSimulator
		Ad-Hoc|x64 = Ad-Hoc|x64
		Ad-Hoc|x86 = Ad-Hoc|x86
		AppStore|Any CPU = AppStore|Any CPU
		AppStore|ARM = AppStore|ARM
		AppStore|iPhone = AppStore|iPhone
		AppStore|iPhoneSimulator = AppStore|iPhoneSimulator
		AppStore|x64 = AppStore|x64
		AppStore|x86 = AppStore|x86
		Debug|Any CPU = Debug|Any CPU
		Debug|ARM = Debug|ARM
		Debug|iPhone = Debug|iPhone
		Debug|iPhoneSimulator = Debug|iPhoneSimulator
		Debug|x64 = Debug|x64
		Debug|x86 = Debug|x86
		Release|Any CPU = Release|Any CPU
		Release|ARM = Release|ARM
		Release|iPhone = Release|iPhone
		Release|iPhoneSimulator = Release|iPhoneSimulator
		Release|x64 = Release|x64
		Release|x86 = Release|x86
	EndGlobalSection
	GlobalSection(ProjectConfigurationPlatforms) = postSolution
		{2787049F-E446-46DB-A570-AD874831AB1C}.Ad-Hoc|Any CPU.ActiveCfg = Release|Any CPU
		{2787049F-E446-46DB-A570-AD874831AB1C}.Ad-Hoc|Any CPU.Build.0 = Release|Any CPU
		{2787049F-E446-46DB-A570-AD874831AB1C}.Ad-Hoc|ARM.ActiveCfg = Release|Any CPU
		{2787049F-E446-46DB-A570-AD874831AB1C}.Ad-Hoc|ARM.Build.0 = Release|Any CPU
		{2787049F-E446-46DB-A570-AD874831AB1C}.Ad-Hoc|iPhone.ActiveCfg = Release|Any CPU
		{2787049F-E446-46DB-A570-AD874831AB1C}.Ad-Hoc|iPhone.Build.0 = Release|Any CPU
		{2787049F-E446-46DB-A570-AD874831AB1C}.Ad-Hoc|iPhoneSimulator.ActiveCfg = Release|Any CPU
		{2787049F-E446-46DB-A570-AD874831AB1C}.Ad-Hoc|iPhoneSimulator.Build.0 = Release|Any CPU
		{2787049F-E446-46DB-A570-AD874831AB1C}.Ad-Hoc|x64.ActiveCfg = Release|Any CPU
		{2787049F-E446-46DB-A570-AD874831AB1C}.Ad-Hoc|x64.Build.0 = Release|Any CPU
		{2787049F-E446-46DB-A570-AD874831AB1C}.Ad-Hoc|x86.ActiveCfg = Release|Any CPU
		{2787049F-E446-46DB-A570-AD874831AB1C}.Ad-Hoc|x86.Build.0 = Release|Any CPU
		{2787049F-E446-46DB-A570-AD874831AB1C}.AppStore|Any CPU.ActiveCfg = Release|Any CPU
		{2787049F-E446-46DB-A570-AD874831AB1C}.AppStore|Any CPU.Build.0 = Release|Any CPU
		{2787049F-E446-46DB-A570-AD874831AB1C}.AppStore|ARM.ActiveCfg = Release|Any CPU
		{2787049F-E446-46DB-A570-AD874831AB1C}.AppStore|ARM.Build.0 = Release|Any CPU
		{2787049F-E446-46DB-A570-AD874831AB1C}.AppStore|iPhone.ActiveCfg = Release|Any CPU
		{2787049F-E446-46DB-A570-AD874831AB1C}.AppStore|iPhone.Build.0 = Release|Any CPU
		{2787049F-E446-46DB-A570-AD874831AB1C}.AppStore|iPhoneSimulator.ActiveCfg = Release|Any CPU
		{2787049F-E446-46DB-A570-AD874831AB1C}.AppStore|iPhoneSimulator.Build.0 = Release|Any CPU
		{2787049F-E446-46DB-A570-AD874831AB1C}.AppStore|x64.ActiveCfg = Release|Any CPU
		{2787049F-E446-46DB-A570-AD874831AB1C}.AppStore|x64.Build.0 = Release|Any CPU
		{2787049F-E446-46DB-A570-AD874831AB1C}.AppStore|x86.ActiveCfg = Release|Any CPU
		{2787049F-E446-46DB-A570-AD874831AB1C}.AppStore|x86.Build.0 = Release|Any CPU
		{2787049F-E446-46DB-A570-AD874831AB1C}.Debug|Any CPU.ActiveCfg = Debug|Any CPU
		{2787049F-E446-46DB-A570-AD874831AB1C}.Debug|Any CPU.Build.0 = Debug|Any CPU
		{2787049F-E446-46DB-A570-AD874831AB1C}.Debug|ARM.ActiveCfg = Debug|Any CPU
		{2787049F-E446-46DB-A570-AD874831AB1C}.Debug|ARM.Build.0 = Debug|Any CPU
		{2787049F-E446-46DB-A570-AD874831AB1C}.Debug|iPhone.ActiveCfg = Debug|Any CPU
		{2787049F-E446-46DB-A570-AD874831AB1C}.Debug|iPhone.Build.0 = Debug|Any CPU
		{2787049F-E446-46DB-A570-AD874831AB1C}.Debug|iPhoneSimulator.ActiveCfg = Debug|Any CPU
		{2787049F-E446-46DB-A570-AD874831AB1C}.Debug|iPhoneSimulator.Build.0 = Debug|Any CPU
		{2787049F-E446-46DB-A570-AD874831AB1C}.Debug|x64.ActiveCfg = Debug|Any CPU
		{2787049F-E446-46DB-A570-AD874831AB1C}.Debug|x64.Build.0 = Debug|Any CPU
		{2787049F-E446-46DB-A570-AD874831AB1C}.Debug|x86.ActiveCfg = Debug|Any CPU
		{2787049F-E446-46DB-A570-AD874831AB1C}.Debug|x86.Build.0 = Debug|Any CPU
		{2787049F-E446-46DB-A570-AD874831AB1C}.Release|Any CPU.ActiveCfg = Release|Any CPU
		{2787049F-E446-46DB-A570-AD874831AB1C}.Release|Any CPU.Build.0 = Release|Any CPU
		{2787049F-E446-46DB-A570-AD874831AB1C}.Release|ARM.ActiveCfg = Release|Any CPU
		{2787049F-E446-46DB-A570-AD874831AB1C}.Release|ARM.Build.0 = Release|Any CPU
		{2787049F-E446-46DB-A570-AD874831AB1C}.Release|iPhone.ActiveCfg = Release|Any CPU
		{2787049F-E446-46DB-A570-AD874831AB1C}.Release|iPhone.Build.0 = Release|Any CPU
		{2787049F-E446-46DB-A570-AD874831AB1C}.Release|iPhoneSimulator.ActiveCfg = Release|Any CPU
		{2787049F-E446-46DB-A570-AD874831AB1C}.Release|iPhoneSimulator.Build.0 = Release|Any CPU
		{2787049F-E446-46DB-A570-AD874831AB1C}.Release|x64.ActiveCfg = Release|Any CPU
		{2787049F-E446-46DB-A570-AD874831AB1C}.Release|x64.Build.0 = Release|Any CPU
		{2787049F-E446-46DB-A570-AD874831AB1C}.Release|x86.ActiveCfg = Release|Any CPU
		{2787049F-E446-46DB-A570-AD874831AB1C}.Release|x86.Build.0 = Release|Any CPU
		{80539AD2-5E2C-43D9-A5F0-8A17B0DBCD0C}.Ad-Hoc|Any CPU.ActiveCfg = Release|Any CPU
		{80539AD2-5E2C-43D9-A5F0-8A17B0DBCD0C}.Ad-Hoc|Any CPU.Build.0 = Release|Any CPU
		{80539AD2-5E2C-43D9-A5F0-8A17B0DBCD0C}.Ad-Hoc|ARM.ActiveCfg = Release|Any CPU
		{80539AD2-5E2C-43D9-A5F0-8A17B0DBCD0C}.Ad-Hoc|ARM.Build.0 = Release|Any CPU
		{80539AD2-5E2C-43D9-A5F0-8A17B0DBCD0C}.Ad-Hoc|iPhone.ActiveCfg = Release|Any CPU
		{80539AD2-5E2C-43D9-A5F0-8A17B0DBCD0C}.Ad-Hoc|iPhone.Build.0 = Release|Any CPU
		{80539AD2-5E2C-43D9-A5F0-8A17B0DBCD0C}.Ad-Hoc|iPhoneSimulator.ActiveCfg = Release|Any CPU
		{80539AD2-5E2C-43D9-A5F0-8A17B0DBCD0C}.Ad-Hoc|iPhoneSimulator.Build.0 = Release|Any CPU
		{80539AD2-5E2C-43D9-A5F0-8A17B0DBCD0C}.Ad-Hoc|x64.ActiveCfg = Release|Any CPU
		{80539AD2-5E2C-43D9-A5F0-8A17B0DBCD0C}.Ad-Hoc|x64.Build.0 = Release|Any CPU
		{80539AD2-5E2C-43D9-A5F0-8A17B0DBCD0C}.Ad-Hoc|x86.ActiveCfg = Release|Any CPU
		{80539AD2-5E2C-43D9-A5F0-8A17B0DBCD0C}.Ad-Hoc|x86.Build.0 = Release|Any CPU
		{80539AD2-5E2C-43D9-A5F0-8A17B0DBCD0C}.AppStore|Any CPU.ActiveCfg = Release|Any CPU
		{80539AD2-5E2C-43D9-A5F0-8A17B0DBCD0C}.AppStore|Any CPU.Build.0 = Release|Any CPU
		{80539AD2-5E2C-43D9-A5F0-8A17B0DBCD0C}.AppStore|ARM.ActiveCfg = Release|Any CPU
		{80539AD2-5E2C-43D9-A5F0-8A17B0DBCD0C}.AppStore|ARM.Build.0 = Release|Any CPU
		{80539AD2-5E2C-43D9-A5F0-8A17B0DBCD0C}.AppStore|iPhone.ActiveCfg = Release|Any CPU
		{80539AD2-5E2C-43D9-A5F0-8A17B0DBCD0C}.AppStore|iPhone.Build.0 = Release|Any CPU
		{80539AD2-5E2C-43D9-A5F0-8A17B0DBCD0C}.AppStore|iPhoneSimulator.ActiveCfg = Release|Any CPU
		{80539AD2-5E2C-43D9-A5F0-8A17B0DBCD0C}.AppStore|iPhoneSimulator.Build.0 = Release|Any CPU
		{80539AD2-5E2C-43D9-A5F0-8A17B0DBCD0C}.AppStore|x64.ActiveCfg = Release|Any CPU
		{80539AD2-5E2C-43D9-A5F0-8A17B0DBCD0C}.AppStore|x64.Build.0 = Release|Any CPU
		{80539AD2-5E2C-43D9-A5F0-8A17B0DBCD0C}.AppStore|x86.ActiveCfg = Release|Any CPU
		{80539AD2-5E2C-43D9-A5F0-8A17B0DBCD0C}.AppStore|x86.Build.0 = Release|Any CPU
		{80539AD2-5E2C-43D9-A5F0-8A17B0DBCD0C}.Debug|Any CPU.ActiveCfg = Debug|Any CPU
		{80539AD2-5E2C-43D9-A5F0-8A17B0DBCD0C}.Debug|Any CPU.Build.0 = Debug|Any CPU
		{80539AD2-5E2C-43D9-A5F0-8A17B0DBCD0C}.Debug|ARM.ActiveCfg = Debug|Any CPU
		{80539AD2-5E2C-43D9-A5F0-8A17B0DBCD0C}.Debug|ARM.Build.0 = Debug|Any CPU
		{80539AD2-5E2C-43D9-A5F0-8A17B0DBCD0C}.Debug|iPhone.ActiveCfg = Debug|Any CPU
		{80539AD2-5E2C-43D9-A5F0-8A17B0DBCD0C}.Debug|iPhone.Build.0 = Debug|Any CPU
		{80539AD2-5E2C-43D9-A5F0-8A17B0DBCD0C}.Debug|iPhoneSimulator.ActiveCfg = Debug|Any CPU
		{80539AD2-5E2C-43D9-A5F0-8A17B0DBCD0C}.Debug|iPhoneSimulator.Build.0 = Debug|Any CPU
		{80539AD2-5E2C-43D9-A5F0-8A17B0DBCD0C}.Debug|x64.ActiveCfg = Debug|Any CPU
		{80539AD2-5E2C-43D9-A5F0-8A17B0DBCD0C}.Debug|x64.Build.0 = Debug|Any CPU
		{80539AD2-5E2C-43D9-A5F0-8A17B0DBCD0C}.Debug|x86.ActiveCfg = Debug|Any CPU
		{80539AD2-5E2C-43D9-A5F0-8A17B0DBCD0C}.Debug|x86.Build.0 = Debug|Any CPU
		{80539AD2-5E2C-43D9-A5F0-8A17B0DBCD0C}.Release|Any CPU.ActiveCfg = Release|Any CPU
		{80539AD2-5E2C-43D9-A5F0-8A17B0DBCD0C}.Release|Any CPU.Build.0 = Release|Any CPU
		{80539AD2-5E2C-43D9-A5F0-8A17B0DBCD0C}.Release|ARM.ActiveCfg = Release|Any CPU
		{80539AD2-5E2C-43D9-A5F0-8A17B0DBCD0C}.Release|ARM.Build.0 = Release|Any CPU
		{80539AD2-5E2C-43D9-A5F0-8A17B0DBCD0C}.Release|iPhone.ActiveCfg = Release|Any CPU
		{80539AD2-5E2C-43D9-A5F0-8A17B0DBCD0C}.Release|iPhone.Build.0 = Release|Any CPU
		{80539AD2-5E2C-43D9-A5F0-8A17B0DBCD0C}.Release|iPhoneSimulator.ActiveCfg = Release|Any CPU
		{80539AD2-5E2C-43D9-A5F0-8A17B0DBCD0C}.Release|iPhoneSimulator.Build.0 = Release|Any CPU
		{80539AD2-5E2C-43D9-A5F0-8A17B0DBCD0C}.Release|x64.ActiveCfg = Release|Any CPU
		{80539AD2-5E2C-43D9-A5F0-8A17B0DBCD0C}.Release|x64.Build.0 = Release|Any CPU
		{80539AD2-5E2C-43D9-A5F0-8A17B0DBCD0C}.Release|x86.ActiveCfg = Release|Any CPU
		{80539AD2-5E2C-43D9-A5F0-8A17B0DBCD0C}.Release|x86.Build.0 = Release|Any CPU
		{09B3C482-35E5-4CBB-8A90-A7C80AD1B46C}.Ad-Hoc|Any CPU.ActiveCfg = Release|x64
		{09B3C482-35E5-4CBB-8A90-A7C80AD1B46C}.Ad-Hoc|Any CPU.Build.0 = Release|x64
		{09B3C482-35E5-4CBB-8A90-A7C80AD1B46C}.Ad-Hoc|Any CPU.Deploy.0 = Release|x64
		{09B3C482-35E5-4CBB-8A90-A7C80AD1B46C}.Ad-Hoc|ARM.ActiveCfg = Release|ARM
		{09B3C482-35E5-4CBB-8A90-A7C80AD1B46C}.Ad-Hoc|ARM.Build.0 = Release|ARM
		{09B3C482-35E5-4CBB-8A90-A7C80AD1B46C}.Ad-Hoc|ARM.Deploy.0 = Release|ARM
		{09B3C482-35E5-4CBB-8A90-A7C80AD1B46C}.Ad-Hoc|iPhone.ActiveCfg = Release|x64
		{09B3C482-35E5-4CBB-8A90-A7C80AD1B46C}.Ad-Hoc|iPhone.Build.0 = Release|x64
		{09B3C482-35E5-4CBB-8A90-A7C80AD1B46C}.Ad-Hoc|iPhone.Deploy.0 = Release|x64
		{09B3C482-35E5-4CBB-8A90-A7C80AD1B46C}.Ad-Hoc|iPhoneSimulator.ActiveCfg = Release|x64
		{09B3C482-35E5-4CBB-8A90-A7C80AD1B46C}.Ad-Hoc|iPhoneSimulator.Build.0 = Release|x64
		{09B3C482-35E5-4CBB-8A90-A7C80AD1B46C}.Ad-Hoc|iPhoneSimulator.Deploy.0 = Release|x64
		{09B3C482-35E5-4CBB-8A90-A7C80AD1B46C}.Ad-Hoc|x64.ActiveCfg = Release|x64
		{09B3C482-35E5-4CBB-8A90-A7C80AD1B46C}.Ad-Hoc|x64.Build.0 = Release|x64
		{09B3C482-35E5-4CBB-8A90-A7C80AD1B46C}.Ad-Hoc|x64.Deploy.0 = Release|x64
		{09B3C482-35E5-4CBB-8A90-A7C80AD1B46C}.Ad-Hoc|x86.ActiveCfg = Release|x86
		{09B3C482-35E5-4CBB-8A90-A7C80AD1B46C}.Ad-Hoc|x86.Build.0 = Release|x86
		{09B3C482-35E5-4CBB-8A90-A7C80AD1B46C}.Ad-Hoc|x86.Deploy.0 = Release|x86
		{09B3C482-35E5-4CBB-8A90-A7C80AD1B46C}.AppStore|Any CPU.ActiveCfg = Release|x64
		{09B3C482-35E5-4CBB-8A90-A7C80AD1B46C}.AppStore|Any CPU.Build.0 = Release|x64
		{09B3C482-35E5-4CBB-8A90-A7C80AD1B46C}.AppStore|Any CPU.Deploy.0 = Release|x64
		{09B3C482-35E5-4CBB-8A90-A7C80AD1B46C}.AppStore|ARM.ActiveCfg = Release|ARM
		{09B3C482-35E5-4CBB-8A90-A7C80AD1B46C}.AppStore|ARM.Build.0 = Release|ARM
		{09B3C482-35E5-4CBB-8A90-A7C80AD1B46C}.AppStore|ARM.Deploy.0 = Release|ARM
		{09B3C482-35E5-4CBB-8A90-A7C80AD1B46C}.AppStore|iPhone.ActiveCfg = Release|x64
		{09B3C482-35E5-4CBB-8A90-A7C80AD1B46C}.AppStore|iPhone.Build.0 = Release|x64
		{09B3C482-35E5-4CBB-8A90-A7C80AD1B46C}.AppStore|iPhone.Deploy.0 = Release|x64
		{09B3C482-35E5-4CBB-8A90-A7C80AD1B46C}.AppStore|iPhoneSimulator.ActiveCfg = Release|x64
		{09B3C482-35E5-4CBB-8A90-A7C80AD1B46C}.AppStore|iPhoneSimulator.Build.0 = Release|x64
		{09B3C482-35E5-4CBB-8A90-A7C80AD1B46C}.AppStore|iPhoneSimulator.Deploy.0 = Release|x64
		{09B3C482-35E5-4CBB-8A90-A7C80AD1B46C}.AppStore|x64.ActiveCfg = Release|x64
		{09B3C482-35E5-4CBB-8A90-A7C80AD1B46C}.AppStore|x64.Build.0 = Release|x64
		{09B3C482-35E5-4CBB-8A90-A7C80AD1B46C}.AppStore|x64.Deploy.0 = Release|x64
		{09B3C482-35E5-4CBB-8A90-A7C80AD1B46C}.AppStore|x86.ActiveCfg = Release|x86
		{09B3C482-35E5-4CBB-8A90-A7C80AD1B46C}.AppStore|x86.Build.0 = Release|x86
		{09B3C482-35E5-4CBB-8A90-A7C80AD1B46C}.AppStore|x86.Deploy.0 = Release|x86
		{09B3C482-35E5-4CBB-8A90-A7C80AD1B46C}.Debug|Any CPU.ActiveCfg = Debug|x86
		{09B3C482-35E5-4CBB-8A90-A7C80AD1B46C}.Debug|ARM.ActiveCfg = Debug|ARM
		{09B3C482-35E5-4CBB-8A90-A7C80AD1B46C}.Debug|ARM.Build.0 = Debug|ARM
		{09B3C482-35E5-4CBB-8A90-A7C80AD1B46C}.Debug|ARM.Deploy.0 = Debug|ARM
		{09B3C482-35E5-4CBB-8A90-A7C80AD1B46C}.Debug|iPhone.ActiveCfg = Debug|x86
		{09B3C482-35E5-4CBB-8A90-A7C80AD1B46C}.Debug|iPhoneSimulator.ActiveCfg = Debug|x86
		{09B3C482-35E5-4CBB-8A90-A7C80AD1B46C}.Debug|x64.ActiveCfg = Debug|x64
		{09B3C482-35E5-4CBB-8A90-A7C80AD1B46C}.Debug|x64.Build.0 = Debug|x64
		{09B3C482-35E5-4CBB-8A90-A7C80AD1B46C}.Debug|x64.Deploy.0 = Debug|x64
		{09B3C482-35E5-4CBB-8A90-A7C80AD1B46C}.Debug|x86.ActiveCfg = Debug|x86
		{09B3C482-35E5-4CBB-8A90-A7C80AD1B46C}.Debug|x86.Build.0 = Debug|x86
		{09B3C482-35E5-4CBB-8A90-A7C80AD1B46C}.Debug|x86.Deploy.0 = Debug|x86
		{09B3C482-35E5-4CBB-8A90-A7C80AD1B46C}.Release|Any CPU.ActiveCfg = Release|x86
		{09B3C482-35E5-4CBB-8A90-A7C80AD1B46C}.Release|ARM.ActiveCfg = Release|ARM
		{09B3C482-35E5-4CBB-8A90-A7C80AD1B46C}.Release|ARM.Build.0 = Release|ARM
		{09B3C482-35E5-4CBB-8A90-A7C80AD1B46C}.Release|ARM.Deploy.0 = Release|ARM
		{09B3C482-35E5-4CBB-8A90-A7C80AD1B46C}.Release|iPhone.ActiveCfg = Release|x86
		{09B3C482-35E5-4CBB-8A90-A7C80AD1B46C}.Release|iPhoneSimulator.ActiveCfg = Release|x86
		{09B3C482-35E5-4CBB-8A90-A7C80AD1B46C}.Release|x64.ActiveCfg = Release|x64
		{09B3C482-35E5-4CBB-8A90-A7C80AD1B46C}.Release|x64.Build.0 = Release|x64
		{09B3C482-35E5-4CBB-8A90-A7C80AD1B46C}.Release|x64.Deploy.0 = Release|x64
		{09B3C482-35E5-4CBB-8A90-A7C80AD1B46C}.Release|x86.ActiveCfg = Release|x86
		{09B3C482-35E5-4CBB-8A90-A7C80AD1B46C}.Release|x86.Build.0 = Release|x86
		{09B3C482-35E5-4CBB-8A90-A7C80AD1B46C}.Release|x86.Deploy.0 = Release|x86
		{E033292C-1101-44F4-867D-083EF8DB215F}.Ad-Hoc|Any CPU.ActiveCfg = Release|Any CPU
		{E033292C-1101-44F4-867D-083EF8DB215F}.Ad-Hoc|Any CPU.Build.0 = Release|Any CPU
		{E033292C-1101-44F4-867D-083EF8DB215F}.Ad-Hoc|Any CPU.Deploy.0 = Release|Any CPU
		{E033292C-1101-44F4-867D-083EF8DB215F}.Ad-Hoc|ARM.ActiveCfg = Release|Any CPU
		{E033292C-1101-44F4-867D-083EF8DB215F}.Ad-Hoc|ARM.Build.0 = Release|Any CPU
		{E033292C-1101-44F4-867D-083EF8DB215F}.Ad-Hoc|ARM.Deploy.0 = Release|Any CPU
		{E033292C-1101-44F4-867D-083EF8DB215F}.Ad-Hoc|iPhone.ActiveCfg = Release|Any CPU
		{E033292C-1101-44F4-867D-083EF8DB215F}.Ad-Hoc|iPhone.Build.0 = Release|Any CPU
		{E033292C-1101-44F4-867D-083EF8DB215F}.Ad-Hoc|iPhone.Deploy.0 = Release|Any CPU
		{E033292C-1101-44F4-867D-083EF8DB215F}.Ad-Hoc|iPhoneSimulator.ActiveCfg = Release|Any CPU
		{E033292C-1101-44F4-867D-083EF8DB215F}.Ad-Hoc|iPhoneSimulator.Build.0 = Release|Any CPU
		{E033292C-1101-44F4-867D-083EF8DB215F}.Ad-Hoc|iPhoneSimulator.Deploy.0 = Release|Any CPU
		{E033292C-1101-44F4-867D-083EF8DB215F}.Ad-Hoc|x64.ActiveCfg = Release|Any CPU
		{E033292C-1101-44F4-867D-083EF8DB215F}.Ad-Hoc|x64.Build.0 = Release|Any CPU
		{E033292C-1101-44F4-867D-083EF8DB215F}.Ad-Hoc|x64.Deploy.0 = Release|Any CPU
		{E033292C-1101-44F4-867D-083EF8DB215F}.Ad-Hoc|x86.ActiveCfg = Release|Any CPU
		{E033292C-1101-44F4-867D-083EF8DB215F}.Ad-Hoc|x86.Build.0 = Release|Any CPU
		{E033292C-1101-44F4-867D-083EF8DB215F}.Ad-Hoc|x86.Deploy.0 = Release|Any CPU
		{E033292C-1101-44F4-867D-083EF8DB215F}.AppStore|Any CPU.ActiveCfg = Release|Any CPU
		{E033292C-1101-44F4-867D-083EF8DB215F}.AppStore|Any CPU.Build.0 = Release|Any CPU
		{E033292C-1101-44F4-867D-083EF8DB215F}.AppStore|Any CPU.Deploy.0 = Release|Any CPU
		{E033292C-1101-44F4-867D-083EF8DB215F}.AppStore|ARM.ActiveCfg = Release|Any CPU
		{E033292C-1101-44F4-867D-083EF8DB215F}.AppStore|ARM.Build.0 = Release|Any CPU
		{E033292C-1101-44F4-867D-083EF8DB215F}.AppStore|ARM.Deploy.0 = Release|Any CPU
		{E033292C-1101-44F4-867D-083EF8DB215F}.AppStore|iPhone.ActiveCfg = Release|Any CPU
		{E033292C-1101-44F4-867D-083EF8DB215F}.AppStore|iPhone.Build.0 = Release|Any CPU
		{E033292C-1101-44F4-867D-083EF8DB215F}.AppStore|iPhone.Deploy.0 = Release|Any CPU
		{E033292C-1101-44F4-867D-083EF8DB215F}.AppStore|iPhoneSimulator.ActiveCfg = Release|Any CPU
		{E033292C-1101-44F4-867D-083EF8DB215F}.AppStore|iPhoneSimulator.Build.0 = Release|Any CPU
		{E033292C-1101-44F4-867D-083EF8DB215F}.AppStore|iPhoneSimulator.Deploy.0 = Release|Any CPU
		{E033292C-1101-44F4-867D-083EF8DB215F}.AppStore|x64.ActiveCfg = Release|Any CPU
		{E033292C-1101-44F4-867D-083EF8DB215F}.AppStore|x64.Build.0 = Release|Any CPU
		{E033292C-1101-44F4-867D-083EF8DB215F}.AppStore|x64.Deploy.0 = Release|Any CPU
		{E033292C-1101-44F4-867D-083EF8DB215F}.AppStore|x86.ActiveCfg = Release|Any CPU
		{E033292C-1101-44F4-867D-083EF8DB215F}.AppStore|x86.Build.0 = Release|Any CPU
		{E033292C-1101-44F4-867D-083EF8DB215F}.AppStore|x86.Deploy.0 = Release|Any CPU
		{E033292C-1101-44F4-867D-083EF8DB215F}.Debug|Any CPU.ActiveCfg = Debug|Any CPU
		{E033292C-1101-44F4-867D-083EF8DB215F}.Debug|Any CPU.Build.0 = Debug|Any CPU
		{E033292C-1101-44F4-867D-083EF8DB215F}.Debug|Any CPU.Deploy.0 = Debug|Any CPU
		{E033292C-1101-44F4-867D-083EF8DB215F}.Debug|ARM.ActiveCfg = Debug|Any CPU
		{E033292C-1101-44F4-867D-083EF8DB215F}.Debug|ARM.Build.0 = Debug|Any CPU
		{E033292C-1101-44F4-867D-083EF8DB215F}.Debug|ARM.Deploy.0 = Debug|Any CPU
		{E033292C-1101-44F4-867D-083EF8DB215F}.Debug|iPhone.ActiveCfg = Debug|Any CPU
		{E033292C-1101-44F4-867D-083EF8DB215F}.Debug|iPhone.Build.0 = Debug|Any CPU
		{E033292C-1101-44F4-867D-083EF8DB215F}.Debug|iPhone.Deploy.0 = Debug|Any CPU
		{E033292C-1101-44F4-867D-083EF8DB215F}.Debug|iPhoneSimulator.ActiveCfg = Debug|Any CPU
		{E033292C-1101-44F4-867D-083EF8DB215F}.Debug|iPhoneSimulator.Build.0 = Debug|Any CPU
		{E033292C-1101-44F4-867D-083EF8DB215F}.Debug|iPhoneSimulator.Deploy.0 = Debug|Any CPU
		{E033292C-1101-44F4-867D-083EF8DB215F}.Debug|x64.ActiveCfg = Debug|Any CPU
		{E033292C-1101-44F4-867D-083EF8DB215F}.Debug|x64.Build.0 = Debug|Any CPU
		{E033292C-1101-44F4-867D-083EF8DB215F}.Debug|x64.Deploy.0 = Debug|Any CPU
		{E033292C-1101-44F4-867D-083EF8DB215F}.Debug|x86.ActiveCfg = Debug|Any CPU
		{E033292C-1101-44F4-867D-083EF8DB215F}.Debug|x86.Build.0 = Debug|Any CPU
		{E033292C-1101-44F4-867D-083EF8DB215F}.Debug|x86.Deploy.0 = Debug|Any CPU
		{E033292C-1101-44F4-867D-083EF8DB215F}.Release|Any CPU.ActiveCfg = Release|Any CPU
		{E033292C-1101-44F4-867D-083EF8DB215F}.Release|Any CPU.Build.0 = Release|Any CPU
		{E033292C-1101-44F4-867D-083EF8DB215F}.Release|Any CPU.Deploy.0 = Release|Any CPU
		{E033292C-1101-44F4-867D-083EF8DB215F}.Release|ARM.ActiveCfg = Release|Any CPU
		{E033292C-1101-44F4-867D-083EF8DB215F}.Release|ARM.Build.0 = Release|Any CPU
		{E033292C-1101-44F4-867D-083EF8DB215F}.Release|ARM.Deploy.0 = Release|Any CPU
		{E033292C-1101-44F4-867D-083EF8DB215F}.Release|iPhone.ActiveCfg = Release|Any CPU
		{E033292C-1101-44F4-867D-083EF8DB215F}.Release|iPhone.Build.0 = Release|Any CPU
		{E033292C-1101-44F4-867D-083EF8DB215F}.Release|iPhone.Deploy.0 = Release|Any CPU
		{E033292C-1101-44F4-867D-083EF8DB215F}.Release|iPhoneSimulator.ActiveCfg = Release|Any CPU
		{E033292C-1101-44F4-867D-083EF8DB215F}.Release|iPhoneSimulator.Build.0 = Release|Any CPU
		{E033292C-1101-44F4-867D-083EF8DB215F}.Release|iPhoneSimulator.Deploy.0 = Release|Any CPU
		{E033292C-1101-44F4-867D-083EF8DB215F}.Release|x64.ActiveCfg = Release|Any CPU
		{E033292C-1101-44F4-867D-083EF8DB215F}.Release|x64.Build.0 = Release|Any CPU
		{E033292C-1101-44F4-867D-083EF8DB215F}.Release|x64.Deploy.0 = Release|Any CPU
		{E033292C-1101-44F4-867D-083EF8DB215F}.Release|x86.ActiveCfg = Release|Any CPU
		{E033292C-1101-44F4-867D-083EF8DB215F}.Release|x86.Build.0 = Release|Any CPU
		{E033292C-1101-44F4-867D-083EF8DB215F}.Release|x86.Deploy.0 = Release|Any CPU
		{21CFFA7F-A708-4FE6-B6CB-4D4BC379A154}.Ad-Hoc|Any CPU.ActiveCfg = Release|Any CPU
		{21CFFA7F-A708-4FE6-B6CB-4D4BC379A154}.Ad-Hoc|Any CPU.Build.0 = Release|Any CPU
		{21CFFA7F-A708-4FE6-B6CB-4D4BC379A154}.Ad-Hoc|ARM.ActiveCfg = Release|Any CPU
		{21CFFA7F-A708-4FE6-B6CB-4D4BC379A154}.Ad-Hoc|ARM.Build.0 = Release|Any CPU
		{21CFFA7F-A708-4FE6-B6CB-4D4BC379A154}.Ad-Hoc|iPhone.ActiveCfg = Release|Any CPU
		{21CFFA7F-A708-4FE6-B6CB-4D4BC379A154}.Ad-Hoc|iPhone.Build.0 = Release|Any CPU
		{21CFFA7F-A708-4FE6-B6CB-4D4BC379A154}.Ad-Hoc|iPhoneSimulator.ActiveCfg = Release|Any CPU
		{21CFFA7F-A708-4FE6-B6CB-4D4BC379A154}.Ad-Hoc|iPhoneSimulator.Build.0 = Release|Any CPU
		{21CFFA7F-A708-4FE6-B6CB-4D4BC379A154}.Ad-Hoc|x64.ActiveCfg = Release|Any CPU
		{21CFFA7F-A708-4FE6-B6CB-4D4BC379A154}.Ad-Hoc|x64.Build.0 = Release|Any CPU
		{21CFFA7F-A708-4FE6-B6CB-4D4BC379A154}.Ad-Hoc|x86.ActiveCfg = Release|Any CPU
		{21CFFA7F-A708-4FE6-B6CB-4D4BC379A154}.Ad-Hoc|x86.Build.0 = Release|Any CPU
		{21CFFA7F-A708-4FE6-B6CB-4D4BC379A154}.AppStore|Any CPU.ActiveCfg = Release|Any CPU
		{21CFFA7F-A708-4FE6-B6CB-4D4BC379A154}.AppStore|Any CPU.Build.0 = Release|Any CPU
		{21CFFA7F-A708-4FE6-B6CB-4D4BC379A154}.AppStore|ARM.ActiveCfg = Release|Any CPU
		{21CFFA7F-A708-4FE6-B6CB-4D4BC379A154}.AppStore|ARM.Build.0 = Release|Any CPU
		{21CFFA7F-A708-4FE6-B6CB-4D4BC379A154}.AppStore|iPhone.ActiveCfg = Release|Any CPU
		{21CFFA7F-A708-4FE6-B6CB-4D4BC379A154}.AppStore|iPhone.Build.0 = Release|Any CPU
		{21CFFA7F-A708-4FE6-B6CB-4D4BC379A154}.AppStore|iPhoneSimulator.ActiveCfg = Release|Any CPU
		{21CFFA7F-A708-4FE6-B6CB-4D4BC379A154}.AppStore|iPhoneSimulator.Build.0 = Release|Any CPU
		{21CFFA7F-A708-4FE6-B6CB-4D4BC379A154}.AppStore|x64.ActiveCfg = Release|Any CPU
		{21CFFA7F-A708-4FE6-B6CB-4D4BC379A154}.AppStore|x64.Build.0 = Release|Any CPU
		{21CFFA7F-A708-4FE6-B6CB-4D4BC379A154}.AppStore|x86.ActiveCfg = Release|Any CPU
		{21CFFA7F-A708-4FE6-B6CB-4D4BC379A154}.AppStore|x86.Build.0 = Release|Any CPU
		{21CFFA7F-A708-4FE6-B6CB-4D4BC379A154}.Debug|Any CPU.ActiveCfg = Debug|Any CPU
		{21CFFA7F-A708-4FE6-B6CB-4D4BC379A154}.Debug|Any CPU.Build.0 = Debug|Any CPU
		{21CFFA7F-A708-4FE6-B6CB-4D4BC379A154}.Debug|ARM.ActiveCfg = Debug|Any CPU
		{21CFFA7F-A708-4FE6-B6CB-4D4BC379A154}.Debug|ARM.Build.0 = Debug|Any CPU
		{21CFFA7F-A708-4FE6-B6CB-4D4BC379A154}.Debug|iPhone.ActiveCfg = Debug|Any CPU
		{21CFFA7F-A708-4FE6-B6CB-4D4BC379A154}.Debug|iPhone.Build.0 = Debug|Any CPU
		{21CFFA7F-A708-4FE6-B6CB-4D4BC379A154}.Debug|iPhoneSimulator.ActiveCfg = Debug|Any CPU
		{21CFFA7F-A708-4FE6-B6CB-4D4BC379A154}.Debug|iPhoneSimulator.Build.0 = Debug|Any CPU
		{21CFFA7F-A708-4FE6-B6CB-4D4BC379A154}.Debug|x64.ActiveCfg = Debug|Any CPU
		{21CFFA7F-A708-4FE6-B6CB-4D4BC379A154}.Debug|x64.Build.0 = Debug|Any CPU
		{21CFFA7F-A708-4FE6-B6CB-4D4BC379A154}.Debug|x86.ActiveCfg = Debug|Any CPU
		{21CFFA7F-A708-4FE6-B6CB-4D4BC379A154}.Debug|x86.Build.0 = Debug|Any CPU
		{21CFFA7F-A708-4FE6-B6CB-4D4BC379A154}.Release|Any CPU.ActiveCfg = Release|Any CPU
		{21CFFA7F-A708-4FE6-B6CB-4D4BC379A154}.Release|Any CPU.Build.0 = Release|Any CPU
		{21CFFA7F-A708-4FE6-B6CB-4D4BC379A154}.Release|ARM.ActiveCfg = Release|Any CPU
		{21CFFA7F-A708-4FE6-B6CB-4D4BC379A154}.Release|ARM.Build.0 = Release|Any CPU
		{21CFFA7F-A708-4FE6-B6CB-4D4BC379A154}.Release|iPhone.ActiveCfg = Release|Any CPU
		{21CFFA7F-A708-4FE6-B6CB-4D4BC379A154}.Release|iPhone.Build.0 = Release|Any CPU
		{21CFFA7F-A708-4FE6-B6CB-4D4BC379A154}.Release|iPhoneSimulator.ActiveCfg = Release|Any CPU
		{21CFFA7F-A708-4FE6-B6CB-4D4BC379A154}.Release|iPhoneSimulator.Build.0 = Release|Any CPU
		{21CFFA7F-A708-4FE6-B6CB-4D4BC379A154}.Release|x64.ActiveCfg = Release|Any CPU
		{21CFFA7F-A708-4FE6-B6CB-4D4BC379A154}.Release|x64.Build.0 = Release|Any CPU
		{21CFFA7F-A708-4FE6-B6CB-4D4BC379A154}.Release|x86.ActiveCfg = Release|Any CPU
		{21CFFA7F-A708-4FE6-B6CB-4D4BC379A154}.Release|x86.Build.0 = Release|Any CPU
		{31D7B9FB-C958-4575-BA9C-6422D76839AE}.Ad-Hoc|Any CPU.ActiveCfg = Release|x64
		{31D7B9FB-C958-4575-BA9C-6422D76839AE}.Ad-Hoc|Any CPU.Build.0 = Release|x64
		{31D7B9FB-C958-4575-BA9C-6422D76839AE}.Ad-Hoc|Any CPU.Deploy.0 = Release|x64
		{31D7B9FB-C958-4575-BA9C-6422D76839AE}.Ad-Hoc|ARM.ActiveCfg = Release|ARM
		{31D7B9FB-C958-4575-BA9C-6422D76839AE}.Ad-Hoc|ARM.Build.0 = Release|ARM
		{31D7B9FB-C958-4575-BA9C-6422D76839AE}.Ad-Hoc|ARM.Deploy.0 = Release|ARM
		{31D7B9FB-C958-4575-BA9C-6422D76839AE}.Ad-Hoc|iPhone.ActiveCfg = Release|x64
		{31D7B9FB-C958-4575-BA9C-6422D76839AE}.Ad-Hoc|iPhone.Build.0 = Release|x64
		{31D7B9FB-C958-4575-BA9C-6422D76839AE}.Ad-Hoc|iPhone.Deploy.0 = Release|x64
		{31D7B9FB-C958-4575-BA9C-6422D76839AE}.Ad-Hoc|iPhoneSimulator.ActiveCfg = Release|x64
		{31D7B9FB-C958-4575-BA9C-6422D76839AE}.Ad-Hoc|iPhoneSimulator.Build.0 = Release|x64
		{31D7B9FB-C958-4575-BA9C-6422D76839AE}.Ad-Hoc|iPhoneSimulator.Deploy.0 = Release|x64
		{31D7B9FB-C958-4575-BA9C-6422D76839AE}.Ad-Hoc|x64.ActiveCfg = Release|x64
		{31D7B9FB-C958-4575-BA9C-6422D76839AE}.Ad-Hoc|x64.Build.0 = Release|x64
		{31D7B9FB-C958-4575-BA9C-6422D76839AE}.Ad-Hoc|x64.Deploy.0 = Release|x64
		{31D7B9FB-C958-4575-BA9C-6422D76839AE}.Ad-Hoc|x86.ActiveCfg = Release|x86
		{31D7B9FB-C958-4575-BA9C-6422D76839AE}.Ad-Hoc|x86.Build.0 = Release|x86
		{31D7B9FB-C958-4575-BA9C-6422D76839AE}.Ad-Hoc|x86.Deploy.0 = Release|x86
		{31D7B9FB-C958-4575-BA9C-6422D76839AE}.AppStore|Any CPU.ActiveCfg = Release|x64
		{31D7B9FB-C958-4575-BA9C-6422D76839AE}.AppStore|Any CPU.Build.0 = Release|x64
		{31D7B9FB-C958-4575-BA9C-6422D76839AE}.AppStore|Any CPU.Deploy.0 = Release|x64
		{31D7B9FB-C958-4575-BA9C-6422D76839AE}.AppStore|ARM.ActiveCfg = Release|ARM
		{31D7B9FB-C958-4575-BA9C-6422D76839AE}.AppStore|ARM.Build.0 = Release|ARM
		{31D7B9FB-C958-4575-BA9C-6422D76839AE}.AppStore|ARM.Deploy.0 = Release|ARM
		{31D7B9FB-C958-4575-BA9C-6422D76839AE}.AppStore|iPhone.ActiveCfg = Release|x64
		{31D7B9FB-C958-4575-BA9C-6422D76839AE}.AppStore|iPhone.Build.0 = Release|x64
		{31D7B9FB-C958-4575-BA9C-6422D76839AE}.AppStore|iPhone.Deploy.0 = Release|x64
		{31D7B9FB-C958-4575-BA9C-6422D76839AE}.AppStore|iPhoneSimulator.ActiveCfg = Release|x64
		{31D7B9FB-C958-4575-BA9C-6422D76839AE}.AppStore|iPhoneSimulator.Build.0 = Release|x64
		{31D7B9FB-C958-4575-BA9C-6422D76839AE}.AppStore|iPhoneSimulator.Deploy.0 = Release|x64
		{31D7B9FB-C958-4575-BA9C-6422D76839AE}.AppStore|x64.ActiveCfg = Release|x64
		{31D7B9FB-C958-4575-BA9C-6422D76839AE}.AppStore|x64.Build.0 = Release|x64
		{31D7B9FB-C958-4575-BA9C-6422D76839AE}.AppStore|x64.Deploy.0 = Release|x64
		{31D7B9FB-C958-4575-BA9C-6422D76839AE}.AppStore|x86.ActiveCfg = Release|x86
		{31D7B9FB-C958-4575-BA9C-6422D76839AE}.AppStore|x86.Build.0 = Release|x86
		{31D7B9FB-C958-4575-BA9C-6422D76839AE}.AppStore|x86.Deploy.0 = Release|x86
		{31D7B9FB-C958-4575-BA9C-6422D76839AE}.Debug|Any CPU.ActiveCfg = Debug|x86
		{31D7B9FB-C958-4575-BA9C-6422D76839AE}.Debug|ARM.ActiveCfg = Debug|ARM
		{31D7B9FB-C958-4575-BA9C-6422D76839AE}.Debug|ARM.Build.0 = Debug|ARM
		{31D7B9FB-C958-4575-BA9C-6422D76839AE}.Debug|ARM.Deploy.0 = Debug|ARM
		{31D7B9FB-C958-4575-BA9C-6422D76839AE}.Debug|iPhone.ActiveCfg = Debug|x86
		{31D7B9FB-C958-4575-BA9C-6422D76839AE}.Debug|iPhoneSimulator.ActiveCfg = Debug|x86
		{31D7B9FB-C958-4575-BA9C-6422D76839AE}.Debug|x64.ActiveCfg = Debug|x64
		{31D7B9FB-C958-4575-BA9C-6422D76839AE}.Debug|x64.Build.0 = Debug|x64
		{31D7B9FB-C958-4575-BA9C-6422D76839AE}.Debug|x64.Deploy.0 = Debug|x64
		{31D7B9FB-C958-4575-BA9C-6422D76839AE}.Debug|x86.ActiveCfg = Debug|x86
		{31D7B9FB-C958-4575-BA9C-6422D76839AE}.Debug|x86.Build.0 = Debug|x86
		{31D7B9FB-C958-4575-BA9C-6422D76839AE}.Debug|x86.Deploy.0 = Debug|x86
		{31D7B9FB-C958-4575-BA9C-6422D76839AE}.Release|Any CPU.ActiveCfg = Release|x86
		{31D7B9FB-C958-4575-BA9C-6422D76839AE}.Release|ARM.ActiveCfg = Release|ARM
		{31D7B9FB-C958-4575-BA9C-6422D76839AE}.Release|ARM.Build.0 = Release|ARM
		{31D7B9FB-C958-4575-BA9C-6422D76839AE}.Release|ARM.Deploy.0 = Release|ARM
		{31D7B9FB-C958-4575-BA9C-6422D76839AE}.Release|iPhone.ActiveCfg = Release|x86
		{31D7B9FB-C958-4575-BA9C-6422D76839AE}.Release|iPhoneSimulator.ActiveCfg = Release|x86
		{31D7B9FB-C958-4575-BA9C-6422D76839AE}.Release|x64.ActiveCfg = Release|x64
		{31D7B9FB-C958-4575-BA9C-6422D76839AE}.Release|x64.Build.0 = Release|x64
		{31D7B9FB-C958-4575-BA9C-6422D76839AE}.Release|x64.Deploy.0 = Release|x64
		{31D7B9FB-C958-4575-BA9C-6422D76839AE}.Release|x86.ActiveCfg = Release|x86
		{31D7B9FB-C958-4575-BA9C-6422D76839AE}.Release|x86.Build.0 = Release|x86
		{31D7B9FB-C958-4575-BA9C-6422D76839AE}.Release|x86.Deploy.0 = Release|x86
		{7A9B8D58-242C-4AEF-8450-00BE1EB7C9A9}.Ad-Hoc|Any CPU.ActiveCfg = Release|Any CPU
		{7A9B8D58-242C-4AEF-8450-00BE1EB7C9A9}.Ad-Hoc|Any CPU.Build.0 = Release|Any CPU
		{7A9B8D58-242C-4AEF-8450-00BE1EB7C9A9}.Ad-Hoc|Any CPU.Deploy.0 = Release|Any CPU
		{7A9B8D58-242C-4AEF-8450-00BE1EB7C9A9}.Ad-Hoc|ARM.ActiveCfg = Release|Any CPU
		{7A9B8D58-242C-4AEF-8450-00BE1EB7C9A9}.Ad-Hoc|ARM.Build.0 = Release|Any CPU
		{7A9B8D58-242C-4AEF-8450-00BE1EB7C9A9}.Ad-Hoc|ARM.Deploy.0 = Release|Any CPU
		{7A9B8D58-242C-4AEF-8450-00BE1EB7C9A9}.Ad-Hoc|iPhone.ActiveCfg = Release|Any CPU
		{7A9B8D58-242C-4AEF-8450-00BE1EB7C9A9}.Ad-Hoc|iPhone.Build.0 = Release|Any CPU
		{7A9B8D58-242C-4AEF-8450-00BE1EB7C9A9}.Ad-Hoc|iPhone.Deploy.0 = Release|Any CPU
		{7A9B8D58-242C-4AEF-8450-00BE1EB7C9A9}.Ad-Hoc|iPhoneSimulator.ActiveCfg = Release|Any CPU
		{7A9B8D58-242C-4AEF-8450-00BE1EB7C9A9}.Ad-Hoc|iPhoneSimulator.Build.0 = Release|Any CPU
		{7A9B8D58-242C-4AEF-8450-00BE1EB7C9A9}.Ad-Hoc|iPhoneSimulator.Deploy.0 = Release|Any CPU
		{7A9B8D58-242C-4AEF-8450-00BE1EB7C9A9}.Ad-Hoc|x64.ActiveCfg = Release|Any CPU
		{7A9B8D58-242C-4AEF-8450-00BE1EB7C9A9}.Ad-Hoc|x64.Build.0 = Release|Any CPU
		{7A9B8D58-242C-4AEF-8450-00BE1EB7C9A9}.Ad-Hoc|x64.Deploy.0 = Release|Any CPU
		{7A9B8D58-242C-4AEF-8450-00BE1EB7C9A9}.Ad-Hoc|x86.ActiveCfg = Release|Any CPU
		{7A9B8D58-242C-4AEF-8450-00BE1EB7C9A9}.Ad-Hoc|x86.Build.0 = Release|Any CPU
		{7A9B8D58-242C-4AEF-8450-00BE1EB7C9A9}.Ad-Hoc|x86.Deploy.0 = Release|Any CPU
		{7A9B8D58-242C-4AEF-8450-00BE1EB7C9A9}.AppStore|Any CPU.ActiveCfg = Release|Any CPU
		{7A9B8D58-242C-4AEF-8450-00BE1EB7C9A9}.AppStore|Any CPU.Build.0 = Release|Any CPU
		{7A9B8D58-242C-4AEF-8450-00BE1EB7C9A9}.AppStore|Any CPU.Deploy.0 = Release|Any CPU
		{7A9B8D58-242C-4AEF-8450-00BE1EB7C9A9}.AppStore|ARM.ActiveCfg = Release|Any CPU
		{7A9B8D58-242C-4AEF-8450-00BE1EB7C9A9}.AppStore|ARM.Build.0 = Release|Any CPU
		{7A9B8D58-242C-4AEF-8450-00BE1EB7C9A9}.AppStore|ARM.Deploy.0 = Release|Any CPU
		{7A9B8D58-242C-4AEF-8450-00BE1EB7C9A9}.AppStore|iPhone.ActiveCfg = Release|Any CPU
		{7A9B8D58-242C-4AEF-8450-00BE1EB7C9A9}.AppStore|iPhone.Build.0 = Release|Any CPU
		{7A9B8D58-242C-4AEF-8450-00BE1EB7C9A9}.AppStore|iPhone.Deploy.0 = Release|Any CPU
		{7A9B8D58-242C-4AEF-8450-00BE1EB7C9A9}.AppStore|iPhoneSimulator.ActiveCfg = Release|Any CPU
		{7A9B8D58-242C-4AEF-8450-00BE1EB7C9A9}.AppStore|iPhoneSimulator.Build.0 = Release|Any CPU
		{7A9B8D58-242C-4AEF-8450-00BE1EB7C9A9}.AppStore|iPhoneSimulator.Deploy.0 = Release|Any CPU
		{7A9B8D58-242C-4AEF-8450-00BE1EB7C9A9}.AppStore|x64.ActiveCfg = Release|Any CPU
		{7A9B8D58-242C-4AEF-8450-00BE1EB7C9A9}.AppStore|x64.Build.0 = Release|Any CPU
		{7A9B8D58-242C-4AEF-8450-00BE1EB7C9A9}.AppStore|x64.Deploy.0 = Release|Any CPU
		{7A9B8D58-242C-4AEF-8450-00BE1EB7C9A9}.AppStore|x86.ActiveCfg = Release|Any CPU
		{7A9B8D58-242C-4AEF-8450-00BE1EB7C9A9}.AppStore|x86.Build.0 = Release|Any CPU
		{7A9B8D58-242C-4AEF-8450-00BE1EB7C9A9}.AppStore|x86.Deploy.0 = Release|Any CPU
		{7A9B8D58-242C-4AEF-8450-00BE1EB7C9A9}.Debug|Any CPU.ActiveCfg = Debug|Any CPU
		{7A9B8D58-242C-4AEF-8450-00BE1EB7C9A9}.Debug|Any CPU.Build.0 = Debug|Any CPU
		{7A9B8D58-242C-4AEF-8450-00BE1EB7C9A9}.Debug|Any CPU.Deploy.0 = Debug|Any CPU
		{7A9B8D58-242C-4AEF-8450-00BE1EB7C9A9}.Debug|ARM.ActiveCfg = Debug|Any CPU
		{7A9B8D58-242C-4AEF-8450-00BE1EB7C9A9}.Debug|ARM.Build.0 = Debug|Any CPU
		{7A9B8D58-242C-4AEF-8450-00BE1EB7C9A9}.Debug|ARM.Deploy.0 = Debug|Any CPU
		{7A9B8D58-242C-4AEF-8450-00BE1EB7C9A9}.Debug|iPhone.ActiveCfg = Debug|Any CPU
		{7A9B8D58-242C-4AEF-8450-00BE1EB7C9A9}.Debug|iPhone.Build.0 = Debug|Any CPU
		{7A9B8D58-242C-4AEF-8450-00BE1EB7C9A9}.Debug|iPhone.Deploy.0 = Debug|Any CPU
		{7A9B8D58-242C-4AEF-8450-00BE1EB7C9A9}.Debug|iPhoneSimulator.ActiveCfg = Debug|Any CPU
		{7A9B8D58-242C-4AEF-8450-00BE1EB7C9A9}.Debug|iPhoneSimulator.Build.0 = Debug|Any CPU
		{7A9B8D58-242C-4AEF-8450-00BE1EB7C9A9}.Debug|iPhoneSimulator.Deploy.0 = Debug|Any CPU
		{7A9B8D58-242C-4AEF-8450-00BE1EB7C9A9}.Debug|x64.ActiveCfg = Debug|Any CPU
		{7A9B8D58-242C-4AEF-8450-00BE1EB7C9A9}.Debug|x64.Build.0 = Debug|Any CPU
		{7A9B8D58-242C-4AEF-8450-00BE1EB7C9A9}.Debug|x64.Deploy.0 = Debug|Any CPU
		{7A9B8D58-242C-4AEF-8450-00BE1EB7C9A9}.Debug|x86.ActiveCfg = Debug|Any CPU
		{7A9B8D58-242C-4AEF-8450-00BE1EB7C9A9}.Debug|x86.Build.0 = Debug|Any CPU
		{7A9B8D58-242C-4AEF-8450-00BE1EB7C9A9}.Debug|x86.Deploy.0 = Debug|Any CPU
		{7A9B8D58-242C-4AEF-8450-00BE1EB7C9A9}.Release|Any CPU.ActiveCfg = Release|Any CPU
		{7A9B8D58-242C-4AEF-8450-00BE1EB7C9A9}.Release|Any CPU.Build.0 = Release|Any CPU
		{7A9B8D58-242C-4AEF-8450-00BE1EB7C9A9}.Release|Any CPU.Deploy.0 = Release|Any CPU
		{7A9B8D58-242C-4AEF-8450-00BE1EB7C9A9}.Release|ARM.ActiveCfg = Release|Any CPU
		{7A9B8D58-242C-4AEF-8450-00BE1EB7C9A9}.Release|ARM.Build.0 = Release|Any CPU
		{7A9B8D58-242C-4AEF-8450-00BE1EB7C9A9}.Release|ARM.Deploy.0 = Release|Any CPU
		{7A9B8D58-242C-4AEF-8450-00BE1EB7C9A9}.Release|iPhone.ActiveCfg = Release|Any CPU
		{7A9B8D58-242C-4AEF-8450-00BE1EB7C9A9}.Release|iPhone.Build.0 = Release|Any CPU
		{7A9B8D58-242C-4AEF-8450-00BE1EB7C9A9}.Release|iPhone.Deploy.0 = Release|Any CPU
		{7A9B8D58-242C-4AEF-8450-00BE1EB7C9A9}.Release|iPhoneSimulator.ActiveCfg = Release|Any CPU
		{7A9B8D58-242C-4AEF-8450-00BE1EB7C9A9}.Release|iPhoneSimulator.Build.0 = Release|Any CPU
		{7A9B8D58-242C-4AEF-8450-00BE1EB7C9A9}.Release|iPhoneSimulator.Deploy.0 = Release|Any CPU
		{7A9B8D58-242C-4AEF-8450-00BE1EB7C9A9}.Release|x64.ActiveCfg = Release|Any CPU
		{7A9B8D58-242C-4AEF-8450-00BE1EB7C9A9}.Release|x64.Build.0 = Release|Any CPU
		{7A9B8D58-242C-4AEF-8450-00BE1EB7C9A9}.Release|x64.Deploy.0 = Release|Any CPU
		{7A9B8D58-242C-4AEF-8450-00BE1EB7C9A9}.Release|x86.ActiveCfg = Release|Any CPU
		{7A9B8D58-242C-4AEF-8450-00BE1EB7C9A9}.Release|x86.Build.0 = Release|Any CPU
		{7A9B8D58-242C-4AEF-8450-00BE1EB7C9A9}.Release|x86.Deploy.0 = Release|Any CPU
		{F98DAD2B-7642-4364-ADE4-99B7DE3191E1}.Ad-Hoc|Any CPU.ActiveCfg = Ad-Hoc|iPhone
		{F98DAD2B-7642-4364-ADE4-99B7DE3191E1}.Ad-Hoc|ARM.ActiveCfg = Ad-Hoc|iPhone
		{F98DAD2B-7642-4364-ADE4-99B7DE3191E1}.Ad-Hoc|iPhone.ActiveCfg = Ad-Hoc|iPhone
		{F98DAD2B-7642-4364-ADE4-99B7DE3191E1}.Ad-Hoc|iPhone.Build.0 = Ad-Hoc|iPhone
		{F98DAD2B-7642-4364-ADE4-99B7DE3191E1}.Ad-Hoc|iPhoneSimulator.ActiveCfg = Ad-Hoc|iPhoneSimulator
		{F98DAD2B-7642-4364-ADE4-99B7DE3191E1}.Ad-Hoc|iPhoneSimulator.Build.0 = Ad-Hoc|iPhoneSimulator
		{F98DAD2B-7642-4364-ADE4-99B7DE3191E1}.Ad-Hoc|x64.ActiveCfg = Ad-Hoc|iPhone
		{F98DAD2B-7642-4364-ADE4-99B7DE3191E1}.Ad-Hoc|x86.ActiveCfg = Ad-Hoc|iPhone
		{F98DAD2B-7642-4364-ADE4-99B7DE3191E1}.AppStore|Any CPU.ActiveCfg = AppStore|iPhone
		{F98DAD2B-7642-4364-ADE4-99B7DE3191E1}.AppStore|ARM.ActiveCfg = AppStore|iPhone
		{F98DAD2B-7642-4364-ADE4-99B7DE3191E1}.AppStore|iPhone.ActiveCfg = AppStore|iPhone
		{F98DAD2B-7642-4364-ADE4-99B7DE3191E1}.AppStore|iPhone.Build.0 = AppStore|iPhone
		{F98DAD2B-7642-4364-ADE4-99B7DE3191E1}.AppStore|iPhoneSimulator.ActiveCfg = AppStore|iPhoneSimulator
		{F98DAD2B-7642-4364-ADE4-99B7DE3191E1}.AppStore|iPhoneSimulator.Build.0 = AppStore|iPhoneSimulator
		{F98DAD2B-7642-4364-ADE4-99B7DE3191E1}.AppStore|x64.ActiveCfg = AppStore|iPhone
		{F98DAD2B-7642-4364-ADE4-99B7DE3191E1}.AppStore|x86.ActiveCfg = AppStore|iPhone
		{F98DAD2B-7642-4364-ADE4-99B7DE3191E1}.Debug|Any CPU.ActiveCfg = Debug|iPhone
		{F98DAD2B-7642-4364-ADE4-99B7DE3191E1}.Debug|ARM.ActiveCfg = Debug|iPhone
		{F98DAD2B-7642-4364-ADE4-99B7DE3191E1}.Debug|iPhone.ActiveCfg = Debug|iPhone
		{F98DAD2B-7642-4364-ADE4-99B7DE3191E1}.Debug|iPhone.Build.0 = Debug|iPhone
		{F98DAD2B-7642-4364-ADE4-99B7DE3191E1}.Debug|iPhoneSimulator.ActiveCfg = Debug|iPhoneSimulator
		{F98DAD2B-7642-4364-ADE4-99B7DE3191E1}.Debug|iPhoneSimulator.Build.0 = Debug|iPhoneSimulator
		{F98DAD2B-7642-4364-ADE4-99B7DE3191E1}.Debug|x64.ActiveCfg = Debug|iPhone
		{F98DAD2B-7642-4364-ADE4-99B7DE3191E1}.Debug|x86.ActiveCfg = Debug|iPhone
		{F98DAD2B-7642-4364-ADE4-99B7DE3191E1}.Release|Any CPU.ActiveCfg = Release|iPhone
		{F98DAD2B-7642-4364-ADE4-99B7DE3191E1}.Release|ARM.ActiveCfg = Release|iPhone
		{F98DAD2B-7642-4364-ADE4-99B7DE3191E1}.Release|iPhone.ActiveCfg = Release|iPhone
		{F98DAD2B-7642-4364-ADE4-99B7DE3191E1}.Release|iPhone.Build.0 = Release|iPhone
		{F98DAD2B-7642-4364-ADE4-99B7DE3191E1}.Release|iPhoneSimulator.ActiveCfg = Release|iPhoneSimulator
		{F98DAD2B-7642-4364-ADE4-99B7DE3191E1}.Release|iPhoneSimulator.Build.0 = Release|iPhoneSimulator
		{F98DAD2B-7642-4364-ADE4-99B7DE3191E1}.Release|x64.ActiveCfg = Release|iPhone
		{F98DAD2B-7642-4364-ADE4-99B7DE3191E1}.Release|x86.ActiveCfg = Release|iPhone
		{58FB4A12-5CC7-4CC0-89AD-BA106B78BCBC}.Ad-Hoc|Any CPU.ActiveCfg = Ad-Hoc|iPhone
		{58FB4A12-5CC7-4CC0-89AD-BA106B78BCBC}.Ad-Hoc|ARM.ActiveCfg = Ad-Hoc|iPhone
		{58FB4A12-5CC7-4CC0-89AD-BA106B78BCBC}.Ad-Hoc|iPhone.ActiveCfg = Ad-Hoc|iPhone
		{58FB4A12-5CC7-4CC0-89AD-BA106B78BCBC}.Ad-Hoc|iPhone.Build.0 = Ad-Hoc|iPhone
		{58FB4A12-5CC7-4CC0-89AD-BA106B78BCBC}.Ad-Hoc|iPhoneSimulator.ActiveCfg = Ad-Hoc|iPhoneSimulator
		{58FB4A12-5CC7-4CC0-89AD-BA106B78BCBC}.Ad-Hoc|iPhoneSimulator.Build.0 = Ad-Hoc|iPhoneSimulator
		{58FB4A12-5CC7-4CC0-89AD-BA106B78BCBC}.Ad-Hoc|x64.ActiveCfg = Ad-Hoc|iPhone
		{58FB4A12-5CC7-4CC0-89AD-BA106B78BCBC}.Ad-Hoc|x86.ActiveCfg = Ad-Hoc|iPhone
		{58FB4A12-5CC7-4CC0-89AD-BA106B78BCBC}.AppStore|Any CPU.ActiveCfg = AppStore|iPhone
		{58FB4A12-5CC7-4CC0-89AD-BA106B78BCBC}.AppStore|ARM.ActiveCfg = AppStore|iPhone
		{58FB4A12-5CC7-4CC0-89AD-BA106B78BCBC}.AppStore|iPhone.ActiveCfg = AppStore|iPhone
		{58FB4A12-5CC7-4CC0-89AD-BA106B78BCBC}.AppStore|iPhone.Build.0 = AppStore|iPhone
		{58FB4A12-5CC7-4CC0-89AD-BA106B78BCBC}.AppStore|iPhoneSimulator.ActiveCfg = AppStore|iPhoneSimulator
		{58FB4A12-5CC7-4CC0-89AD-BA106B78BCBC}.AppStore|iPhoneSimulator.Build.0 = AppStore|iPhoneSimulator
		{58FB4A12-5CC7-4CC0-89AD-BA106B78BCBC}.AppStore|x64.ActiveCfg = AppStore|iPhone
		{58FB4A12-5CC7-4CC0-89AD-BA106B78BCBC}.AppStore|x86.ActiveCfg = AppStore|iPhone
		{58FB4A12-5CC7-4CC0-89AD-BA106B78BCBC}.Debug|Any CPU.ActiveCfg = Debug|iPhone
		{58FB4A12-5CC7-4CC0-89AD-BA106B78BCBC}.Debug|ARM.ActiveCfg = Debug|iPhone
		{58FB4A12-5CC7-4CC0-89AD-BA106B78BCBC}.Debug|iPhone.ActiveCfg = Debug|iPhone
		{58FB4A12-5CC7-4CC0-89AD-BA106B78BCBC}.Debug|iPhone.Build.0 = Debug|iPhone
		{58FB4A12-5CC7-4CC0-89AD-BA106B78BCBC}.Debug|iPhoneSimulator.ActiveCfg = Debug|iPhoneSimulator
		{58FB4A12-5CC7-4CC0-89AD-BA106B78BCBC}.Debug|iPhoneSimulator.Build.0 = Debug|iPhoneSimulator
		{58FB4A12-5CC7-4CC0-89AD-BA106B78BCBC}.Debug|x64.ActiveCfg = Debug|iPhone
		{58FB4A12-5CC7-4CC0-89AD-BA106B78BCBC}.Debug|x86.ActiveCfg = Debug|iPhone
		{58FB4A12-5CC7-4CC0-89AD-BA106B78BCBC}.Release|Any CPU.ActiveCfg = Release|iPhone
		{58FB4A12-5CC7-4CC0-89AD-BA106B78BCBC}.Release|ARM.ActiveCfg = Release|iPhone
		{58FB4A12-5CC7-4CC0-89AD-BA106B78BCBC}.Release|iPhone.ActiveCfg = Release|iPhone
		{58FB4A12-5CC7-4CC0-89AD-BA106B78BCBC}.Release|iPhone.Build.0 = Release|iPhone
		{58FB4A12-5CC7-4CC0-89AD-BA106B78BCBC}.Release|iPhoneSimulator.ActiveCfg = Release|iPhoneSimulator
		{58FB4A12-5CC7-4CC0-89AD-BA106B78BCBC}.Release|iPhoneSimulator.Build.0 = Release|iPhoneSimulator
		{58FB4A12-5CC7-4CC0-89AD-BA106B78BCBC}.Release|x64.ActiveCfg = Release|iPhone
		{58FB4A12-5CC7-4CC0-89AD-BA106B78BCBC}.Release|x86.ActiveCfg = Release|iPhone
	EndGlobalSection
	GlobalSection(SolutionProperties) = preSolution
		HideSolutionNode = FALSE
	EndGlobalSection
	GlobalSection(NestedProjects) = preSolution
		{21CFFA7F-A708-4FE6-B6CB-4D4BC379A154} = {5BAF5379-6546-49D5-9246-B14A46B3BEDD}
		{31D7B9FB-C958-4575-BA9C-6422D76839AE} = {5BAF5379-6546-49D5-9246-B14A46B3BEDD}
		{7A9B8D58-242C-4AEF-8450-00BE1EB7C9A9} = {5BAF5379-6546-49D5-9246-B14A46B3BEDD}
		{58FB4A12-5CC7-4CC0-89AD-BA106B78BCBC} = {5BAF5379-6546-49D5-9246-B14A46B3BEDD}
	EndGlobalSection
EndGlobal
