
Microsoft Visual Studio Solution File, Format Version 12.00
# Visual Studio 14
VisualStudioVersion = 14.0.23107.0
MinimumVisualStudioVersion = 10.0.40219.1
Project("{FAE04EC0-301F-11D3-BF4B-00C04F79EFBC}") = "Hubb.Core", "Hubb.Core\Hubb.Core.csproj", "{68CFF45E-0F75-4E73-B033-EEEE94AEE48E}"
EndProject
Project("{FAE04EC0-301F-11D3-BF4B-00C04F79EFBC}") = "Hubb.Tests", "Hubb.Tests\Hubb.Tests.csproj", "{EA1FD5FC-39BB-4B4C-BF4E-B2C7BC66D267}"
EndProject
Project("{2150E333-8FDC-42A3-9474-1A3956D46DE8}") = "Xamarin.Native", "Xamarin.Native", "{A49E0F9E-07C8-405D-90EF-B52787055796}"
EndProject
Project("{FAE04EC0-301F-11D3-BF4B-00C04F79EFBC}") = "Hubb.App.UWP", "Hubb.App.UWP\Hubb.App.UWP.csproj", "{CC302C20-2355-42C2-AFC4-FE52D41191DC}"
EndProject
Project("{2150E333-8FDC-42A3-9474-1A3956D46DE8}") = "Xamarin.Forms", "Xamarin.Forms", "{5882BB5B-58A9-4933-91EF-68B95420C283}"
EndProject
Project("{FAE04EC0-301F-11D3-BF4B-00C04F79EFBC}") = "Hubb.App.Android", "Hubb.App.Android\Hubb.App.Android.csproj", "{E033292C-1101-44F4-867D-083EF8DB215F}"
EndProject
Project("{FAE04EC0-301F-11D3-BF4B-00C04F79EFBC}") = "Hubb.Forms.Core", "Hubb.Forms.Core\Hubb.Forms.Core.csproj", "{67F9D3A8-F71E-4428-913F-C37AE82CDB24}"
EndProject
Project("{FAE04EC0-301F-11D3-BF4B-00C04F79EFBC}") = "Hubb.Forms.App.Android", "Hubb.Forms.App.Android\Hubb.Forms.App.Android.csproj", "{E2CDC5CF-1A13-4E79-8A6F-FAB20D69296E}"
EndProject
Project("{2150E333-8FDC-42A3-9474-1A3956D46DE8}") = "Advanced", "Advanced", "{5F2BD54F-B300-4220-8A5E-C42EEAAA35E9}"
EndProject
Project("{FAE04EC0-301F-11D3-BF4B-00C04F79EFBC}") = "UniversalStudio", "UniversalStudio\UniversalStudio.csproj", "{831C83B8-3C4C-4615-9686-8C01391878AC}"
EndProject
Project("{FAE04EC0-301F-11D3-BF4B-00C04F79EFBC}") = "Hubb.Forms.App.Windows", "Hubb.Forms.App.Windows\Hubb.Forms.App.Windows.csproj", "{E20BB4A5-8984-429C-A93C-24765A153CD6}"
EndProject
Global
	GlobalSection(SolutionConfigurationPlatforms) = preSolution
		Ad-Hoc|Any CPU = Ad-Hoc|Any CPU
		Ad-Hoc|ARM = Ad-Hoc|ARM
		Ad-Hoc|iPhone = Ad-Hoc|iPhone
		Ad-Hoc|iPhoneSimulator = Ad-Hoc|iPhoneSimulator
		Ad-Hoc|x64 = Ad-Hoc|x64
		Ad-Hoc|x86 = Ad-Hoc|x86
		AppStore|Any CPU = AppStore|Any CPU
		AppStore|ARM = AppStore|ARM
		AppStore|iPhone = AppStore|iPhone
		AppStore|iPhoneSimulator = AppStore|iPhoneSimulator
		AppStore|x64 = AppStore|x64
		AppStore|x86 = AppStore|x86
		Debug|Any CPU = Debug|Any CPU
		Debug|ARM = Debug|ARM
		Debug|iPhone = Debug|iPhone
		Debug|iPhoneSimulator = Debug|iPhoneSimulator
		Debug|x64 = Debug|x64
		Debug|x86 = Debug|x86
		Release|Any CPU = Release|Any CPU
		Release|ARM = Release|ARM
		Release|iPhone = Release|iPhone
		Release|iPhoneSimulator = Release|iPhoneSimulator
		Release|x64 = Release|x64
		Release|x86 = Release|x86
	EndGlobalSection
	GlobalSection(ProjectConfigurationPlatforms) = postSolution
		{68CFF45E-0F75-4E73-B033-EEEE94AEE48E}.Ad-Hoc|Any CPU.ActiveCfg = Release|Any CPU
		{68CFF45E-0F75-4E73-B033-EEEE94AEE48E}.Ad-Hoc|Any CPU.Build.0 = Release|Any CPU
		{68CFF45E-0F75-4E73-B033-EEEE94AEE48E}.Ad-Hoc|ARM.ActiveCfg = Release|Any CPU
		{68CFF45E-0F75-4E73-B033-EEEE94AEE48E}.Ad-Hoc|ARM.Build.0 = Release|Any CPU
		{68CFF45E-0F75-4E73-B033-EEEE94AEE48E}.Ad-Hoc|iPhone.ActiveCfg = Release|Any CPU
		{68CFF45E-0F75-4E73-B033-EEEE94AEE48E}.Ad-Hoc|iPhone.Build.0 = Release|Any CPU
		{68CFF45E-0F75-4E73-B033-EEEE94AEE48E}.Ad-Hoc|iPhoneSimulator.ActiveCfg = Release|Any CPU
		{68CFF45E-0F75-4E73-B033-EEEE94AEE48E}.Ad-Hoc|iPhoneSimulator.Build.0 = Release|Any CPU
		{68CFF45E-0F75-4E73-B033-EEEE94AEE48E}.Ad-Hoc|x64.ActiveCfg = Release|Any CPU
		{68CFF45E-0F75-4E73-B033-EEEE94AEE48E}.Ad-Hoc|x64.Build.0 = Release|Any CPU
		{68CFF45E-0F75-4E73-B033-EEEE94AEE48E}.Ad-Hoc|x86.ActiveCfg = Release|Any CPU
		{68CFF45E-0F75-4E73-B033-EEEE94AEE48E}.Ad-Hoc|x86.Build.0 = Release|Any CPU
		{68CFF45E-0F75-4E73-B033-EEEE94AEE48E}.AppStore|Any CPU.ActiveCfg = Release|Any CPU
		{68CFF45E-0F75-4E73-B033-EEEE94AEE48E}.AppStore|Any CPU.Build.0 = Release|Any CPU
		{68CFF45E-0F75-4E73-B033-EEEE94AEE48E}.AppStore|ARM.ActiveCfg = Release|Any CPU
		{68CFF45E-0F75-4E73-B033-EEEE94AEE48E}.AppStore|ARM.Build.0 = Release|Any CPU
		{68CFF45E-0F75-4E73-B033-EEEE94AEE48E}.AppStore|iPhone.ActiveCfg = Release|Any CPU
		{68CFF45E-0F75-4E73-B033-EEEE94AEE48E}.AppStore|iPhone.Build.0 = Release|Any CPU
		{68CFF45E-0F75-4E73-B033-EEEE94AEE48E}.AppStore|iPhoneSimulator.ActiveCfg = Release|Any CPU
		{68CFF45E-0F75-4E73-B033-EEEE94AEE48E}.AppStore|iPhoneSimulator.Build.0 = Release|Any CPU
		{68CFF45E-0F75-4E73-B033-EEEE94AEE48E}.AppStore|x64.ActiveCfg = Release|Any CPU
		{68CFF45E-0F75-4E73-B033-EEEE94AEE48E}.AppStore|x64.Build.0 = Release|Any CPU
		{68CFF45E-0F75-4E73-B033-EEEE94AEE48E}.AppStore|x86.ActiveCfg = Release|Any CPU
		{68CFF45E-0F75-4E73-B033-EEEE94AEE48E}.AppStore|x86.Build.0 = Release|Any CPU
		{68CFF45E-0F75-4E73-B033-EEEE94AEE48E}.Debug|Any CPU.ActiveCfg = Debug|Any CPU
		{68CFF45E-0F75-4E73-B033-EEEE94AEE48E}.Debug|Any CPU.Build.0 = Debug|Any CPU
		{68CFF45E-0F75-4E73-B033-EEEE94AEE48E}.Debug|ARM.ActiveCfg = Debug|Any CPU
		{68CFF45E-0F75-4E73-B033-EEEE94AEE48E}.Debug|ARM.Build.0 = Debug|Any CPU
		{68CFF45E-0F75-4E73-B033-EEEE94AEE48E}.Debug|iPhone.ActiveCfg = Debug|Any CPU
		{68CFF45E-0F75-4E73-B033-EEEE94AEE48E}.Debug|iPhone.Build.0 = Debug|Any CPU
		{68CFF45E-0F75-4E73-B033-EEEE94AEE48E}.Debug|iPhoneSimulator.ActiveCfg = Debug|Any CPU
		{68CFF45E-0F75-4E73-B033-EEEE94AEE48E}.Debug|iPhoneSimulator.Build.0 = Debug|Any CPU
		{68CFF45E-0F75-4E73-B033-EEEE94AEE48E}.Debug|x64.ActiveCfg = Debug|Any CPU
		{68CFF45E-0F75-4E73-B033-EEEE94AEE48E}.Debug|x64.Build.0 = Debug|Any CPU
		{68CFF45E-0F75-4E73-B033-EEEE94AEE48E}.Debug|x86.ActiveCfg = Debug|Any CPU
		{68CFF45E-0F75-4E73-B033-EEEE94AEE48E}.Debug|x86.Build.0 = Debug|Any CPU
		{68CFF45E-0F75-4E73-B033-EEEE94AEE48E}.Release|Any CPU.ActiveCfg = Release|Any CPU
		{68CFF45E-0F75-4E73-B033-EEEE94AEE48E}.Release|Any CPU.Build.0 = Release|Any CPU
		{68CFF45E-0F75-4E73-B033-EEEE94AEE48E}.Release|ARM.ActiveCfg = Release|Any CPU
		{68CFF45E-0F75-4E73-B033-EEEE94AEE48E}.Release|ARM.Build.0 = Release|Any CPU
		{68CFF45E-0F75-4E73-B033-EEEE94AEE48E}.Release|iPhone.ActiveCfg = Release|Any CPU
		{68CFF45E-0F75-4E73-B033-EEEE94AEE48E}.Release|iPhone.Build.0 = Release|Any CPU
		{68CFF45E-0F75-4E73-B033-EEEE94AEE48E}.Release|iPhoneSimulator.ActiveCfg = Release|Any CPU
		{68CFF45E-0F75-4E73-B033-EEEE94AEE48E}.Release|iPhoneSimulator.Build.0 = Release|Any CPU
		{68CFF45E-0F75-4E73-B033-EEEE94AEE48E}.Release|x64.ActiveCfg = Release|Any CPU
		{68CFF45E-0F75-4E73-B033-EEEE94AEE48E}.Release|x64.Build.0 = Release|Any CPU
		{68CFF45E-0F75-4E73-B033-EEEE94AEE48E}.Release|x86.ActiveCfg = Release|Any CPU
		{68CFF45E-0F75-4E73-B033-EEEE94AEE48E}.Release|x86.Build.0 = Release|Any CPU
		{EA1FD5FC-39BB-4B4C-BF4E-B2C7BC66D267}.Ad-Hoc|Any CPU.ActiveCfg = Release|Any CPU
		{EA1FD5FC-39BB-4B4C-BF4E-B2C7BC66D267}.Ad-Hoc|Any CPU.Build.0 = Release|Any CPU
		{EA1FD5FC-39BB-4B4C-BF4E-B2C7BC66D267}.Ad-Hoc|ARM.ActiveCfg = Release|Any CPU
		{EA1FD5FC-39BB-4B4C-BF4E-B2C7BC66D267}.Ad-Hoc|ARM.Build.0 = Release|Any CPU
		{EA1FD5FC-39BB-4B4C-BF4E-B2C7BC66D267}.Ad-Hoc|iPhone.ActiveCfg = Release|Any CPU
		{EA1FD5FC-39BB-4B4C-BF4E-B2C7BC66D267}.Ad-Hoc|iPhone.Build.0 = Release|Any CPU
		{EA1FD5FC-39BB-4B4C-BF4E-B2C7BC66D267}.Ad-Hoc|iPhoneSimulator.ActiveCfg = Release|Any CPU
		{EA1FD5FC-39BB-4B4C-BF4E-B2C7BC66D267}.Ad-Hoc|iPhoneSimulator.Build.0 = Release|Any CPU
		{EA1FD5FC-39BB-4B4C-BF4E-B2C7BC66D267}.Ad-Hoc|x64.ActiveCfg = Release|Any CPU
		{EA1FD5FC-39BB-4B4C-BF4E-B2C7BC66D267}.Ad-Hoc|x64.Build.0 = Release|Any CPU
		{EA1FD5FC-39BB-4B4C-BF4E-B2C7BC66D267}.Ad-Hoc|x86.ActiveCfg = Release|Any CPU
		{EA1FD5FC-39BB-4B4C-BF4E-B2C7BC66D267}.Ad-Hoc|x86.Build.0 = Release|Any CPU
		{EA1FD5FC-39BB-4B4C-BF4E-B2C7BC66D267}.AppStore|Any CPU.ActiveCfg = Release|Any CPU
		{EA1FD5FC-39BB-4B4C-BF4E-B2C7BC66D267}.AppStore|Any CPU.Build.0 = Release|Any CPU
		{EA1FD5FC-39BB-4B4C-BF4E-B2C7BC66D267}.AppStore|ARM.ActiveCfg = Release|Any CPU
		{EA1FD5FC-39BB-4B4C-BF4E-B2C7BC66D267}.AppStore|ARM.Build.0 = Release|Any CPU
		{EA1FD5FC-39BB-4B4C-BF4E-B2C7BC66D267}.AppStore|iPhone.ActiveCfg = Release|Any CPU
		{EA1FD5FC-39BB-4B4C-BF4E-B2C7BC66D267}.AppStore|iPhone.Build.0 = Release|Any CPU
		{EA1FD5FC-39BB-4B4C-BF4E-B2C7BC66D267}.AppStore|iPhoneSimulator.ActiveCfg = Release|Any CPU
		{EA1FD5FC-39BB-4B4C-BF4E-B2C7BC66D267}.AppStore|iPhoneSimulator.Build.0 = Release|Any CPU
		{EA1FD5FC-39BB-4B4C-BF4E-B2C7BC66D267}.AppStore|x64.ActiveCfg = Release|Any CPU
		{EA1FD5FC-39BB-4B4C-BF4E-B2C7BC66D267}.AppStore|x64.Build.0 = Release|Any CPU
		{EA1FD5FC-39BB-4B4C-BF4E-B2C7BC66D267}.AppStore|x86.ActiveCfg = Release|Any CPU
		{EA1FD5FC-39BB-4B4C-BF4E-B2C7BC66D267}.AppStore|x86.Build.0 = Release|Any CPU
		{EA1FD5FC-39BB-4B4C-BF4E-B2C7BC66D267}.Debug|Any CPU.ActiveCfg = Debug|Any CPU
		{EA1FD5FC-39BB-4B4C-BF4E-B2C7BC66D267}.Debug|Any CPU.Build.0 = Debug|Any CPU
		{EA1FD5FC-39BB-4B4C-BF4E-B2C7BC66D267}.Debug|ARM.ActiveCfg = Debug|Any CPU
		{EA1FD5FC-39BB-4B4C-BF4E-B2C7BC66D267}.Debug|ARM.Build.0 = Debug|Any CPU
		{EA1FD5FC-39BB-4B4C-BF4E-B2C7BC66D267}.Debug|iPhone.ActiveCfg = Debug|Any CPU
		{EA1FD5FC-39BB-4B4C-BF4E-B2C7BC66D267}.Debug|iPhone.Build.0 = Debug|Any CPU
		{EA1FD5FC-39BB-4B4C-BF4E-B2C7BC66D267}.Debug|iPhoneSimulator.ActiveCfg = Debug|Any CPU
		{EA1FD5FC-39BB-4B4C-BF4E-B2C7BC66D267}.Debug|iPhoneSimulator.Build.0 = Debug|Any CPU
		{EA1FD5FC-39BB-4B4C-BF4E-B2C7BC66D267}.Debug|x64.ActiveCfg = Debug|Any CPU
		{EA1FD5FC-39BB-4B4C-BF4E-B2C7BC66D267}.Debug|x64.Build.0 = Debug|Any CPU
		{EA1FD5FC-39BB-4B4C-BF4E-B2C7BC66D267}.Debug|x86.ActiveCfg = Debug|Any CPU
		{EA1FD5FC-39BB-4B4C-BF4E-B2C7BC66D267}.Debug|x86.Build.0 = Debug|Any CPU
		{EA1FD5FC-39BB-4B4C-BF4E-B2C7BC66D267}.Release|Any CPU.ActiveCfg = Release|Any CPU
		{EA1FD5FC-39BB-4B4C-BF4E-B2C7BC66D267}.Release|Any CPU.Build.0 = Release|Any CPU
		{EA1FD5FC-39BB-4B4C-BF4E-B2C7BC66D267}.Release|ARM.ActiveCfg = Release|Any CPU
		{EA1FD5FC-39BB-4B4C-BF4E-B2C7BC66D267}.Release|ARM.Build.0 = Release|Any CPU
		{EA1FD5FC-39BB-4B4C-BF4E-B2C7BC66D267}.Release|iPhone.ActiveCfg = Release|Any CPU
		{EA1FD5FC-39BB-4B4C-BF4E-B2C7BC66D267}.Release|iPhone.Build.0 = Release|Any CPU
		{EA1FD5FC-39BB-4B4C-BF4E-B2C7BC66D267}.Release|iPhoneSimulator.ActiveCfg = Release|Any CPU
		{EA1FD5FC-39BB-4B4C-BF4E-B2C7BC66D267}.Release|iPhoneSimulator.Build.0 = Release|Any CPU
		{EA1FD5FC-39BB-4B4C-BF4E-B2C7BC66D267}.Release|x64.ActiveCfg = Release|Any CPU
		{EA1FD5FC-39BB-4B4C-BF4E-B2C7BC66D267}.Release|x64.Build.0 = Release|Any CPU
		{EA1FD5FC-39BB-4B4C-BF4E-B2C7BC66D267}.Release|x86.ActiveCfg = Release|Any CPU
		{EA1FD5FC-39BB-4B4C-BF4E-B2C7BC66D267}.Release|x86.Build.0 = Release|Any CPU
		{CC302C20-2355-42C2-AFC4-FE52D41191DC}.Ad-Hoc|Any CPU.ActiveCfg = Release|x64
		{CC302C20-2355-42C2-AFC4-FE52D41191DC}.Ad-Hoc|Any CPU.Build.0 = Release|x64
		{CC302C20-2355-42C2-AFC4-FE52D41191DC}.Ad-Hoc|Any CPU.Deploy.0 = Release|x64
		{CC302C20-2355-42C2-AFC4-FE52D41191DC}.Ad-Hoc|ARM.ActiveCfg = Release|ARM
		{CC302C20-2355-42C2-AFC4-FE52D41191DC}.Ad-Hoc|ARM.Build.0 = Release|ARM
		{CC302C20-2355-42C2-AFC4-FE52D41191DC}.Ad-Hoc|ARM.Deploy.0 = Release|ARM
		{CC302C20-2355-42C2-AFC4-FE52D41191DC}.Ad-Hoc|iPhone.ActiveCfg = Release|x64
		{CC302C20-2355-42C2-AFC4-FE52D41191DC}.Ad-Hoc|iPhone.Build.0 = Release|x64
		{CC302C20-2355-42C2-AFC4-FE52D41191DC}.Ad-Hoc|iPhone.Deploy.0 = Release|x64
		{CC302C20-2355-42C2-AFC4-FE52D41191DC}.Ad-Hoc|iPhoneSimulator.ActiveCfg = Release|x64
		{CC302C20-2355-42C2-AFC4-FE52D41191DC}.Ad-Hoc|iPhoneSimulator.Build.0 = Release|x64
		{CC302C20-2355-42C2-AFC4-FE52D41191DC}.Ad-Hoc|iPhoneSimulator.Deploy.0 = Release|x64
		{CC302C20-2355-42C2-AFC4-FE52D41191DC}.Ad-Hoc|x64.ActiveCfg = Release|x64
		{CC302C20-2355-42C2-AFC4-FE52D41191DC}.Ad-Hoc|x64.Build.0 = Release|x64
		{CC302C20-2355-42C2-AFC4-FE52D41191DC}.Ad-Hoc|x64.Deploy.0 = Release|x64
		{CC302C20-2355-42C2-AFC4-FE52D41191DC}.Ad-Hoc|x86.ActiveCfg = Release|x86
		{CC302C20-2355-42C2-AFC4-FE52D41191DC}.Ad-Hoc|x86.Build.0 = Release|x86
		{CC302C20-2355-42C2-AFC4-FE52D41191DC}.Ad-Hoc|x86.Deploy.0 = Release|x86
		{CC302C20-2355-42C2-AFC4-FE52D41191DC}.AppStore|Any CPU.ActiveCfg = Release|x64
		{CC302C20-2355-42C2-AFC4-FE52D41191DC}.AppStore|Any CPU.Build.0 = Release|x64
		{CC302C20-2355-42C2-AFC4-FE52D41191DC}.AppStore|Any CPU.Deploy.0 = Release|x64
		{CC302C20-2355-42C2-AFC4-FE52D41191DC}.AppStore|ARM.ActiveCfg = Release|ARM
		{CC302C20-2355-42C2-AFC4-FE52D41191DC}.AppStore|ARM.Build.0 = Release|ARM
		{CC302C20-2355-42C2-AFC4-FE52D41191DC}.AppStore|ARM.Deploy.0 = Release|ARM
		{CC302C20-2355-42C2-AFC4-FE52D41191DC}.AppStore|iPhone.ActiveCfg = Release|x64
		{CC302C20-2355-42C2-AFC4-FE52D41191DC}.AppStore|iPhone.Build.0 = Release|x64
		{CC302C20-2355-42C2-AFC4-FE52D41191DC}.AppStore|iPhone.Deploy.0 = Release|x64
		{CC302C20-2355-42C2-AFC4-FE52D41191DC}.AppStore|iPhoneSimulator.ActiveCfg = Release|x64
		{CC302C20-2355-42C2-AFC4-FE52D41191DC}.AppStore|iPhoneSimulator.Build.0 = Release|x64
		{CC302C20-2355-42C2-AFC4-FE52D41191DC}.AppStore|iPhoneSimulator.Deploy.0 = Release|x64
		{CC302C20-2355-42C2-AFC4-FE52D41191DC}.AppStore|x64.ActiveCfg = Release|x64
		{CC302C20-2355-42C2-AFC4-FE52D41191DC}.AppStore|x64.Build.0 = Release|x64
		{CC302C20-2355-42C2-AFC4-FE52D41191DC}.AppStore|x64.Deploy.0 = Release|x64
		{CC302C20-2355-42C2-AFC4-FE52D41191DC}.AppStore|x86.ActiveCfg = Release|x86
		{CC302C20-2355-42C2-AFC4-FE52D41191DC}.AppStore|x86.Build.0 = Release|x86
		{CC302C20-2355-42C2-AFC4-FE52D41191DC}.AppStore|x86.Deploy.0 = Release|x86
		{CC302C20-2355-42C2-AFC4-FE52D41191DC}.Debug|Any CPU.ActiveCfg = Debug|x86
		{CC302C20-2355-42C2-AFC4-FE52D41191DC}.Debug|ARM.ActiveCfg = Debug|ARM
		{CC302C20-2355-42C2-AFC4-FE52D41191DC}.Debug|ARM.Build.0 = Debug|ARM
		{CC302C20-2355-42C2-AFC4-FE52D41191DC}.Debug|ARM.Deploy.0 = Debug|ARM
		{CC302C20-2355-42C2-AFC4-FE52D41191DC}.Debug|iPhone.ActiveCfg = Debug|x86
		{CC302C20-2355-42C2-AFC4-FE52D41191DC}.Debug|iPhoneSimulator.ActiveCfg = Debug|x86
		{CC302C20-2355-42C2-AFC4-FE52D41191DC}.Debug|x64.ActiveCfg = Debug|x64
		{CC302C20-2355-42C2-AFC4-FE52D41191DC}.Debug|x64.Build.0 = Debug|x64
		{CC302C20-2355-42C2-AFC4-FE52D41191DC}.Debug|x64.Deploy.0 = Debug|x64
		{CC302C20-2355-42C2-AFC4-FE52D41191DC}.Debug|x86.ActiveCfg = Debug|x86
		{CC302C20-2355-42C2-AFC4-FE52D41191DC}.Debug|x86.Build.0 = Debug|x86
		{CC302C20-2355-42C2-AFC4-FE52D41191DC}.Debug|x86.Deploy.0 = Debug|x86
		{CC302C20-2355-42C2-AFC4-FE52D41191DC}.Release|Any CPU.ActiveCfg = Release|x86
		{CC302C20-2355-42C2-AFC4-FE52D41191DC}.Release|ARM.ActiveCfg = Release|ARM
		{CC302C20-2355-42C2-AFC4-FE52D41191DC}.Release|ARM.Build.0 = Release|ARM
		{CC302C20-2355-42C2-AFC4-FE52D41191DC}.Release|ARM.Deploy.0 = Release|ARM
		{CC302C20-2355-42C2-AFC4-FE52D41191DC}.Release|iPhone.ActiveCfg = Release|x86
		{CC302C20-2355-42C2-AFC4-FE52D41191DC}.Release|iPhoneSimulator.ActiveCfg = Release|x86
		{CC302C20-2355-42C2-AFC4-FE52D41191DC}.Release|x64.ActiveCfg = Release|x64
		{CC302C20-2355-42C2-AFC4-FE52D41191DC}.Release|x64.Build.0 = Release|x64
		{CC302C20-2355-42C2-AFC4-FE52D41191DC}.Release|x64.Deploy.0 = Release|x64
		{CC302C20-2355-42C2-AFC4-FE52D41191DC}.Release|x86.ActiveCfg = Release|x86
		{CC302C20-2355-42C2-AFC4-FE52D41191DC}.Release|x86.Build.0 = Release|x86
		{CC302C20-2355-42C2-AFC4-FE52D41191DC}.Release|x86.Deploy.0 = Release|x86
		{E033292C-1101-44F4-867D-083EF8DB215F}.Ad-Hoc|Any CPU.ActiveCfg = Release|Any CPU
		{E033292C-1101-44F4-867D-083EF8DB215F}.Ad-Hoc|Any CPU.Build.0 = Release|Any CPU
		{E033292C-1101-44F4-867D-083EF8DB215F}.Ad-Hoc|Any CPU.Deploy.0 = Release|Any CPU
		{E033292C-1101-44F4-867D-083EF8DB215F}.Ad-Hoc|ARM.ActiveCfg = Release|Any CPU
		{E033292C-1101-44F4-867D-083EF8DB215F}.Ad-Hoc|ARM.Build.0 = Release|Any CPU
		{E033292C-1101-44F4-867D-083EF8DB215F}.Ad-Hoc|ARM.Deploy.0 = Release|Any CPU
		{E033292C-1101-44F4-867D-083EF8DB215F}.Ad-Hoc|iPhone.ActiveCfg = Release|Any CPU
		{E033292C-1101-44F4-867D-083EF8DB215F}.Ad-Hoc|iPhone.Build.0 = Release|Any CPU
		{E033292C-1101-44F4-867D-083EF8DB215F}.Ad-Hoc|iPhone.Deploy.0 = Release|Any CPU
		{E033292C-1101-44F4-867D-083EF8DB215F}.Ad-Hoc|iPhoneSimulator.ActiveCfg = Release|Any CPU
		{E033292C-1101-44F4-867D-083EF8DB215F}.Ad-Hoc|iPhoneSimulator.Build.0 = Release|Any CPU
		{E033292C-1101-44F4-867D-083EF8DB215F}.Ad-Hoc|iPhoneSimulator.Deploy.0 = Release|Any CPU
		{E033292C-1101-44F4-867D-083EF8DB215F}.Ad-Hoc|x64.ActiveCfg = Release|Any CPU
		{E033292C-1101-44F4-867D-083EF8DB215F}.Ad-Hoc|x64.Build.0 = Release|Any CPU
		{E033292C-1101-44F4-867D-083EF8DB215F}.Ad-Hoc|x64.Deploy.0 = Release|Any CPU
		{E033292C-1101-44F4-867D-083EF8DB215F}.Ad-Hoc|x86.ActiveCfg = Release|Any CPU
		{E033292C-1101-44F4-867D-083EF8DB215F}.Ad-Hoc|x86.Build.0 = Release|Any CPU
		{E033292C-1101-44F4-867D-083EF8DB215F}.Ad-Hoc|x86.Deploy.0 = Release|Any CPU
		{E033292C-1101-44F4-867D-083EF8DB215F}.AppStore|Any CPU.ActiveCfg = Release|Any CPU
		{E033292C-1101-44F4-867D-083EF8DB215F}.AppStore|Any CPU.Build.0 = Release|Any CPU
		{E033292C-1101-44F4-867D-083EF8DB215F}.AppStore|Any CPU.Deploy.0 = Release|Any CPU
		{E033292C-1101-44F4-867D-083EF8DB215F}.AppStore|ARM.ActiveCfg = Release|Any CPU
		{E033292C-1101-44F4-867D-083EF8DB215F}.AppStore|ARM.Build.0 = Release|Any CPU
		{E033292C-1101-44F4-867D-083EF8DB215F}.AppStore|ARM.Deploy.0 = Release|Any CPU
		{E033292C-1101-44F4-867D-083EF8DB215F}.AppStore|iPhone.ActiveCfg = Release|Any CPU
		{E033292C-1101-44F4-867D-083EF8DB215F}.AppStore|iPhone.Build.0 = Release|Any CPU
		{E033292C-1101-44F4-867D-083EF8DB215F}.AppStore|iPhone.Deploy.0 = Release|Any CPU
		{E033292C-1101-44F4-867D-083EF8DB215F}.AppStore|iPhoneSimulator.ActiveCfg = Release|Any CPU
		{E033292C-1101-44F4-867D-083EF8DB215F}.AppStore|iPhoneSimulator.Build.0 = Release|Any CPU
		{E033292C-1101-44F4-867D-083EF8DB215F}.AppStore|iPhoneSimulator.Deploy.0 = Release|Any CPU
		{E033292C-1101-44F4-867D-083EF8DB215F}.AppStore|x64.ActiveCfg = Release|Any CPU
		{E033292C-1101-44F4-867D-083EF8DB215F}.AppStore|x64.Build.0 = Release|Any CPU
		{E033292C-1101-44F4-867D-083EF8DB215F}.AppStore|x64.Deploy.0 = Release|Any CPU
		{E033292C-1101-44F4-867D-083EF8DB215F}.AppStore|x86.ActiveCfg = Release|Any CPU
		{E033292C-1101-44F4-867D-083EF8DB215F}.AppStore|x86.Build.0 = Release|Any CPU
		{E033292C-1101-44F4-867D-083EF8DB215F}.AppStore|x86.Deploy.0 = Release|Any CPU
		{E033292C-1101-44F4-867D-083EF8DB215F}.Debug|Any CPU.ActiveCfg = Debug|Any CPU
		{E033292C-1101-44F4-867D-083EF8DB215F}.Debug|Any CPU.Build.0 = Debug|Any CPU
		{E033292C-1101-44F4-867D-083EF8DB215F}.Debug|Any CPU.Deploy.0 = Debug|Any CPU
		{E033292C-1101-44F4-867D-083EF8DB215F}.Debug|ARM.ActiveCfg = Debug|Any CPU
		{E033292C-1101-44F4-867D-083EF8DB215F}.Debug|ARM.Build.0 = Debug|Any CPU
		{E033292C-1101-44F4-867D-083EF8DB215F}.Debug|ARM.Deploy.0 = Debug|Any CPU
		{E033292C-1101-44F4-867D-083EF8DB215F}.Debug|iPhone.ActiveCfg = Debug|Any CPU
		{E033292C-1101-44F4-867D-083EF8DB215F}.Debug|iPhone.Build.0 = Debug|Any CPU
		{E033292C-1101-44F4-867D-083EF8DB215F}.Debug|iPhone.Deploy.0 = Debug|Any CPU
		{E033292C-1101-44F4-867D-083EF8DB215F}.Debug|iPhoneSimulator.ActiveCfg = Debug|Any CPU
		{E033292C-1101-44F4-867D-083EF8DB215F}.Debug|iPhoneSimulator.Build.0 = Debug|Any CPU
		{E033292C-1101-44F4-867D-083EF8DB215F}.Debug|iPhoneSimulator.Deploy.0 = Debug|Any CPU
		{E033292C-1101-44F4-867D-083EF8DB215F}.Debug|x64.ActiveCfg = Debug|Any CPU
		{E033292C-1101-44F4-867D-083EF8DB215F}.Debug|x64.Build.0 = Debug|Any CPU
		{E033292C-1101-44F4-867D-083EF8DB215F}.Debug|x64.Deploy.0 = Debug|Any CPU
		{E033292C-1101-44F4-867D-083EF8DB215F}.Debug|x86.ActiveCfg = Debug|Any CPU
		{E033292C-1101-44F4-867D-083EF8DB215F}.Debug|x86.Build.0 = Debug|Any CPU
		{E033292C-1101-44F4-867D-083EF8DB215F}.Debug|x86.Deploy.0 = Debug|Any CPU
		{E033292C-1101-44F4-867D-083EF8DB215F}.Release|Any CPU.ActiveCfg = Release|Any CPU
		{E033292C-1101-44F4-867D-083EF8DB215F}.Release|Any CPU.Build.0 = Release|Any CPU
		{E033292C-1101-44F4-867D-083EF8DB215F}.Release|Any CPU.Deploy.0 = Release|Any CPU
		{E033292C-1101-44F4-867D-083EF8DB215F}.Release|ARM.ActiveCfg = Release|Any CPU
		{E033292C-1101-44F4-867D-083EF8DB215F}.Release|ARM.Build.0 = Release|Any CPU
		{E033292C-1101-44F4-867D-083EF8DB215F}.Release|ARM.Deploy.0 = Release|Any CPU
		{E033292C-1101-44F4-867D-083EF8DB215F}.Release|iPhone.ActiveCfg = Release|Any CPU
		{E033292C-1101-44F4-867D-083EF8DB215F}.Release|iPhone.Build.0 = Release|Any CPU
		{E033292C-1101-44F4-867D-083EF8DB215F}.Release|iPhone.Deploy.0 = Release|Any CPU
		{E033292C-1101-44F4-867D-083EF8DB215F}.Release|iPhoneSimulator.ActiveCfg = Release|Any CPU
		{E033292C-1101-44F4-867D-083EF8DB215F}.Release|iPhoneSimulator.Build.0 = Release|Any CPU
		{E033292C-1101-44F4-867D-083EF8DB215F}.Release|iPhoneSimulator.Deploy.0 = Release|Any CPU
		{E033292C-1101-44F4-867D-083EF8DB215F}.Release|x64.ActiveCfg = Release|Any CPU
		{E033292C-1101-44F4-867D-083EF8DB215F}.Release|x64.Build.0 = Release|Any CPU
		{E033292C-1101-44F4-867D-083EF8DB215F}.Release|x64.Deploy.0 = Release|Any CPU
		{E033292C-1101-44F4-867D-083EF8DB215F}.Release|x86.ActiveCfg = Release|Any CPU
		{E033292C-1101-44F4-867D-083EF8DB215F}.Release|x86.Build.0 = Release|Any CPU
		{E033292C-1101-44F4-867D-083EF8DB215F}.Release|x86.Deploy.0 = Release|Any CPU
		{67F9D3A8-F71E-4428-913F-C37AE82CDB24}.Ad-Hoc|Any CPU.ActiveCfg = Release|Any CPU
		{67F9D3A8-F71E-4428-913F-C37AE82CDB24}.Ad-Hoc|Any CPU.Build.0 = Release|Any CPU
		{67F9D3A8-F71E-4428-913F-C37AE82CDB24}.Ad-Hoc|ARM.ActiveCfg = Release|Any CPU
		{67F9D3A8-F71E-4428-913F-C37AE82CDB24}.Ad-Hoc|ARM.Build.0 = Release|Any CPU
		{67F9D3A8-F71E-4428-913F-C37AE82CDB24}.Ad-Hoc|iPhone.ActiveCfg = Release|Any CPU
		{67F9D3A8-F71E-4428-913F-C37AE82CDB24}.Ad-Hoc|iPhone.Build.0 = Release|Any CPU
		{67F9D3A8-F71E-4428-913F-C37AE82CDB24}.Ad-Hoc|iPhoneSimulator.ActiveCfg = Release|Any CPU
		{67F9D3A8-F71E-4428-913F-C37AE82CDB24}.Ad-Hoc|iPhoneSimulator.Build.0 = Release|Any CPU
		{67F9D3A8-F71E-4428-913F-C37AE82CDB24}.Ad-Hoc|x64.ActiveCfg = Release|Any CPU
		{67F9D3A8-F71E-4428-913F-C37AE82CDB24}.Ad-Hoc|x64.Build.0 = Release|Any CPU
		{67F9D3A8-F71E-4428-913F-C37AE82CDB24}.Ad-Hoc|x86.ActiveCfg = Release|Any CPU
		{67F9D3A8-F71E-4428-913F-C37AE82CDB24}.Ad-Hoc|x86.Build.0 = Release|Any CPU
		{67F9D3A8-F71E-4428-913F-C37AE82CDB24}.AppStore|Any CPU.ActiveCfg = Release|Any CPU
		{67F9D3A8-F71E-4428-913F-C37AE82CDB24}.AppStore|Any CPU.Build.0 = Release|Any CPU
		{67F9D3A8-F71E-4428-913F-C37AE82CDB24}.AppStore|ARM.ActiveCfg = Release|Any CPU
		{67F9D3A8-F71E-4428-913F-C37AE82CDB24}.AppStore|ARM.Build.0 = Release|Any CPU
		{67F9D3A8-F71E-4428-913F-C37AE82CDB24}.AppStore|iPhone.ActiveCfg = Release|Any CPU
		{67F9D3A8-F71E-4428-913F-C37AE82CDB24}.AppStore|iPhone.Build.0 = Release|Any CPU
		{67F9D3A8-F71E-4428-913F-C37AE82CDB24}.AppStore|iPhoneSimulator.ActiveCfg = Release|Any CPU
		{67F9D3A8-F71E-4428-913F-C37AE82CDB24}.AppStore|iPhoneSimulator.Build.0 = Release|Any CPU
		{67F9D3A8-F71E-4428-913F-C37AE82CDB24}.AppStore|x64.ActiveCfg = Release|Any CPU
		{67F9D3A8-F71E-4428-913F-C37AE82CDB24}.AppStore|x64.Build.0 = Release|Any CPU
		{67F9D3A8-F71E-4428-913F-C37AE82CDB24}.AppStore|x86.ActiveCfg = Release|Any CPU
		{67F9D3A8-F71E-4428-913F-C37AE82CDB24}.AppStore|x86.Build.0 = Release|Any CPU
		{67F9D3A8-F71E-4428-913F-C37AE82CDB24}.Debug|Any CPU.ActiveCfg = Debug|Any CPU
		{67F9D3A8-F71E-4428-913F-C37AE82CDB24}.Debug|Any CPU.Build.0 = Debug|Any CPU
		{67F9D3A8-F71E-4428-913F-C37AE82CDB24}.Debug|ARM.ActiveCfg = Debug|Any CPU
		{67F9D3A8-F71E-4428-913F-C37AE82CDB24}.Debug|ARM.Build.0 = Debug|Any CPU
		{67F9D3A8-F71E-4428-913F-C37AE82CDB24}.Debug|iPhone.ActiveCfg = Debug|Any CPU
		{67F9D3A8-F71E-4428-913F-C37AE82CDB24}.Debug|iPhone.Build.0 = Debug|Any CPU
		{67F9D3A8-F71E-4428-913F-C37AE82CDB24}.Debug|iPhoneSimulator.ActiveCfg = Debug|Any CPU
		{67F9D3A8-F71E-4428-913F-C37AE82CDB24}.Debug|iPhoneSimulator.Build.0 = Debug|Any CPU
		{67F9D3A8-F71E-4428-913F-C37AE82CDB24}.Debug|x64.ActiveCfg = Debug|Any CPU
		{67F9D3A8-F71E-4428-913F-C37AE82CDB24}.Debug|x64.Build.0 = Debug|Any CPU
		{67F9D3A8-F71E-4428-913F-C37AE82CDB24}.Debug|x86.ActiveCfg = Debug|Any CPU
		{67F9D3A8-F71E-4428-913F-C37AE82CDB24}.Debug|x86.Build.0 = Debug|Any CPU
		{67F9D3A8-F71E-4428-913F-C37AE82CDB24}.Release|Any CPU.ActiveCfg = Release|Any CPU
		{67F9D3A8-F71E-4428-913F-C37AE82CDB24}.Release|Any CPU.Build.0 = Release|Any CPU
		{67F9D3A8-F71E-4428-913F-C37AE82CDB24}.Release|ARM.ActiveCfg = Release|Any CPU
		{67F9D3A8-F71E-4428-913F-C37AE82CDB24}.Release|ARM.Build.0 = Release|Any CPU
		{67F9D3A8-F71E-4428-913F-C37AE82CDB24}.Release|iPhone.ActiveCfg = Release|Any CPU
		{67F9D3A8-F71E-4428-913F-C37AE82CDB24}.Release|iPhone.Build.0 = Release|Any CPU
		{67F9D3A8-F71E-4428-913F-C37AE82CDB24}.Release|iPhoneSimulator.ActiveCfg = Release|Any CPU
		{67F9D3A8-F71E-4428-913F-C37AE82CDB24}.Release|iPhoneSimulator.Build.0 = Release|Any CPU
		{67F9D3A8-F71E-4428-913F-C37AE82CDB24}.Release|x64.ActiveCfg = Release|Any CPU
		{67F9D3A8-F71E-4428-913F-C37AE82CDB24}.Release|x64.Build.0 = Release|Any CPU
		{67F9D3A8-F71E-4428-913F-C37AE82CDB24}.Release|x86.ActiveCfg = Release|Any CPU
		{67F9D3A8-F71E-4428-913F-C37AE82CDB24}.Release|x86.Build.0 = Release|Any CPU
		{E2CDC5CF-1A13-4E79-8A6F-FAB20D69296E}.Ad-Hoc|Any CPU.ActiveCfg = Release|Any CPU
		{E2CDC5CF-1A13-4E79-8A6F-FAB20D69296E}.Ad-Hoc|Any CPU.Build.0 = Release|Any CPU
		{E2CDC5CF-1A13-4E79-8A6F-FAB20D69296E}.Ad-Hoc|Any CPU.Deploy.0 = Release|Any CPU
		{E2CDC5CF-1A13-4E79-8A6F-FAB20D69296E}.Ad-Hoc|ARM.ActiveCfg = Release|Any CPU
		{E2CDC5CF-1A13-4E79-8A6F-FAB20D69296E}.Ad-Hoc|ARM.Build.0 = Release|Any CPU
		{E2CDC5CF-1A13-4E79-8A6F-FAB20D69296E}.Ad-Hoc|ARM.Deploy.0 = Release|Any CPU
		{E2CDC5CF-1A13-4E79-8A6F-FAB20D69296E}.Ad-Hoc|iPhone.ActiveCfg = Release|Any CPU
		{E2CDC5CF-1A13-4E79-8A6F-FAB20D69296E}.Ad-Hoc|iPhone.Build.0 = Release|Any CPU
		{E2CDC5CF-1A13-4E79-8A6F-FAB20D69296E}.Ad-Hoc|iPhone.Deploy.0 = Release|Any CPU
		{E2CDC5CF-1A13-4E79-8A6F-FAB20D69296E}.Ad-Hoc|iPhoneSimulator.ActiveCfg = Release|Any CPU
		{E2CDC5CF-1A13-4E79-8A6F-FAB20D69296E}.Ad-Hoc|iPhoneSimulator.Build.0 = Release|Any CPU
		{E2CDC5CF-1A13-4E79-8A6F-FAB20D69296E}.Ad-Hoc|iPhoneSimulator.Deploy.0 = Release|Any CPU
		{E2CDC5CF-1A13-4E79-8A6F-FAB20D69296E}.Ad-Hoc|x64.ActiveCfg = Release|Any CPU
		{E2CDC5CF-1A13-4E79-8A6F-FAB20D69296E}.Ad-Hoc|x64.Build.0 = Release|Any CPU
		{E2CDC5CF-1A13-4E79-8A6F-FAB20D69296E}.Ad-Hoc|x64.Deploy.0 = Release|Any CPU
		{E2CDC5CF-1A13-4E79-8A6F-FAB20D69296E}.Ad-Hoc|x86.ActiveCfg = Release|Any CPU
		{E2CDC5CF-1A13-4E79-8A6F-FAB20D69296E}.Ad-Hoc|x86.Build.0 = Release|Any CPU
		{E2CDC5CF-1A13-4E79-8A6F-FAB20D69296E}.Ad-Hoc|x86.Deploy.0 = Release|Any CPU
		{E2CDC5CF-1A13-4E79-8A6F-FAB20D69296E}.AppStore|Any CPU.ActiveCfg = Release|Any CPU
		{E2CDC5CF-1A13-4E79-8A6F-FAB20D69296E}.AppStore|Any CPU.Build.0 = Release|Any CPU
		{E2CDC5CF-1A13-4E79-8A6F-FAB20D69296E}.AppStore|Any CPU.Deploy.0 = Release|Any CPU
		{E2CDC5CF-1A13-4E79-8A6F-FAB20D69296E}.AppStore|ARM.ActiveCfg = Release|Any CPU
		{E2CDC5CF-1A13-4E79-8A6F-FAB20D69296E}.AppStore|ARM.Build.0 = Release|Any CPU
		{E2CDC5CF-1A13-4E79-8A6F-FAB20D69296E}.AppStore|ARM.Deploy.0 = Release|Any CPU
		{E2CDC5CF-1A13-4E79-8A6F-FAB20D69296E}.AppStore|iPhone.ActiveCfg = Release|Any CPU
		{E2CDC5CF-1A13-4E79-8A6F-FAB20D69296E}.AppStore|iPhone.Build.0 = Release|Any CPU
		{E2CDC5CF-1A13-4E79-8A6F-FAB20D69296E}.AppStore|iPhone.Deploy.0 = Release|Any CPU
		{E2CDC5CF-1A13-4E79-8A6F-FAB20D69296E}.AppStore|iPhoneSimulator.ActiveCfg = Release|Any CPU
		{E2CDC5CF-1A13-4E79-8A6F-FAB20D69296E}.AppStore|iPhoneSimulator.Build.0 = Release|Any CPU
		{E2CDC5CF-1A13-4E79-8A6F-FAB20D69296E}.AppStore|iPhoneSimulator.Deploy.0 = Release|Any CPU
		{E2CDC5CF-1A13-4E79-8A6F-FAB20D69296E}.AppStore|x64.ActiveCfg = Release|Any CPU
		{E2CDC5CF-1A13-4E79-8A6F-FAB20D69296E}.AppStore|x64.Build.0 = Release|Any CPU
		{E2CDC5CF-1A13-4E79-8A6F-FAB20D69296E}.AppStore|x64.Deploy.0 = Release|Any CPU
		{E2CDC5CF-1A13-4E79-8A6F-FAB20D69296E}.AppStore|x86.ActiveCfg = Release|Any CPU
		{E2CDC5CF-1A13-4E79-8A6F-FAB20D69296E}.AppStore|x86.Build.0 = Release|Any CPU
		{E2CDC5CF-1A13-4E79-8A6F-FAB20D69296E}.AppStore|x86.Deploy.0 = Release|Any CPU
		{E2CDC5CF-1A13-4E79-8A6F-FAB20D69296E}.Debug|Any CPU.ActiveCfg = Debug|Any CPU
		{E2CDC5CF-1A13-4E79-8A6F-FAB20D69296E}.Debug|Any CPU.Build.0 = Debug|Any CPU
		{E2CDC5CF-1A13-4E79-8A6F-FAB20D69296E}.Debug|Any CPU.Deploy.0 = Debug|Any CPU
		{E2CDC5CF-1A13-4E79-8A6F-FAB20D69296E}.Debug|ARM.ActiveCfg = Debug|Any CPU
		{E2CDC5CF-1A13-4E79-8A6F-FAB20D69296E}.Debug|ARM.Build.0 = Debug|Any CPU
		{E2CDC5CF-1A13-4E79-8A6F-FAB20D69296E}.Debug|ARM.Deploy.0 = Debug|Any CPU
		{E2CDC5CF-1A13-4E79-8A6F-FAB20D69296E}.Debug|iPhone.ActiveCfg = Debug|Any CPU
		{E2CDC5CF-1A13-4E79-8A6F-FAB20D69296E}.Debug|iPhone.Build.0 = Debug|Any CPU
		{E2CDC5CF-1A13-4E79-8A6F-FAB20D69296E}.Debug|iPhone.Deploy.0 = Debug|Any CPU
		{E2CDC5CF-1A13-4E79-8A6F-FAB20D69296E}.Debug|iPhoneSimulator.ActiveCfg = Debug|Any CPU
		{E2CDC5CF-1A13-4E79-8A6F-FAB20D69296E}.Debug|iPhoneSimulator.Build.0 = Debug|Any CPU
		{E2CDC5CF-1A13-4E79-8A6F-FAB20D69296E}.Debug|iPhoneSimulator.Deploy.0 = Debug|Any CPU
		{E2CDC5CF-1A13-4E79-8A6F-FAB20D69296E}.Debug|x64.ActiveCfg = Debug|Any CPU
		{E2CDC5CF-1A13-4E79-8A6F-FAB20D69296E}.Debug|x64.Build.0 = Debug|Any CPU
		{E2CDC5CF-1A13-4E79-8A6F-FAB20D69296E}.Debug|x64.Deploy.0 = Debug|Any CPU
		{E2CDC5CF-1A13-4E79-8A6F-FAB20D69296E}.Debug|x86.ActiveCfg = Debug|Any CPU
		{E2CDC5CF-1A13-4E79-8A6F-FAB20D69296E}.Debug|x86.Build.0 = Debug|Any CPU
		{E2CDC5CF-1A13-4E79-8A6F-FAB20D69296E}.Debug|x86.Deploy.0 = Debug|Any CPU
		{E2CDC5CF-1A13-4E79-8A6F-FAB20D69296E}.Release|Any CPU.ActiveCfg = Release|Any CPU
		{E2CDC5CF-1A13-4E79-8A6F-FAB20D69296E}.Release|Any CPU.Build.0 = Release|Any CPU
		{E2CDC5CF-1A13-4E79-8A6F-FAB20D69296E}.Release|Any CPU.Deploy.0 = Release|Any CPU
		{E2CDC5CF-1A13-4E79-8A6F-FAB20D69296E}.Release|ARM.ActiveCfg = Release|Any CPU
		{E2CDC5CF-1A13-4E79-8A6F-FAB20D69296E}.Release|ARM.Build.0 = Release|Any CPU
		{E2CDC5CF-1A13-4E79-8A6F-FAB20D69296E}.Release|ARM.Deploy.0 = Release|Any CPU
		{E2CDC5CF-1A13-4E79-8A6F-FAB20D69296E}.Release|iPhone.ActiveCfg = Release|Any CPU
		{E2CDC5CF-1A13-4E79-8A6F-FAB20D69296E}.Release|iPhone.Build.0 = Release|Any CPU
		{E2CDC5CF-1A13-4E79-8A6F-FAB20D69296E}.Release|iPhone.Deploy.0 = Release|Any CPU
		{E2CDC5CF-1A13-4E79-8A6F-FAB20D69296E}.Release|iPhoneSimulator.ActiveCfg = Release|Any CPU
		{E2CDC5CF-1A13-4E79-8A6F-FAB20D69296E}.Release|iPhoneSimulator.Build.0 = Release|Any CPU
		{E2CDC5CF-1A13-4E79-8A6F-FAB20D69296E}.Release|iPhoneSimulator.Deploy.0 = Release|Any CPU
		{E2CDC5CF-1A13-4E79-8A6F-FAB20D69296E}.Release|x64.ActiveCfg = Release|Any CPU
		{E2CDC5CF-1A13-4E79-8A6F-FAB20D69296E}.Release|x64.Build.0 = Release|Any CPU
		{E2CDC5CF-1A13-4E79-8A6F-FAB20D69296E}.Release|x64.Deploy.0 = Release|Any CPU
		{E2CDC5CF-1A13-4E79-8A6F-FAB20D69296E}.Release|x86.ActiveCfg = Release|Any CPU
		{E2CDC5CF-1A13-4E79-8A6F-FAB20D69296E}.Release|x86.Build.0 = Release|Any CPU
		{E2CDC5CF-1A13-4E79-8A6F-FAB20D69296E}.Release|x86.Deploy.0 = Release|Any CPU
		{831C83B8-3C4C-4615-9686-8C01391878AC}.Ad-Hoc|Any CPU.ActiveCfg = Release|x86
		{831C83B8-3C4C-4615-9686-8C01391878AC}.Ad-Hoc|Any CPU.Build.0 = Release|x86
		{831C83B8-3C4C-4615-9686-8C01391878AC}.Ad-Hoc|Any CPU.Deploy.0 = Release|x86
		{831C83B8-3C4C-4615-9686-8C01391878AC}.Ad-Hoc|ARM.ActiveCfg = Release|ARM
		{831C83B8-3C4C-4615-9686-8C01391878AC}.Ad-Hoc|ARM.Build.0 = Release|ARM
		{831C83B8-3C4C-4615-9686-8C01391878AC}.Ad-Hoc|ARM.Deploy.0 = Release|ARM
		{831C83B8-3C4C-4615-9686-8C01391878AC}.Ad-Hoc|iPhone.ActiveCfg = Release|x86
		{831C83B8-3C4C-4615-9686-8C01391878AC}.Ad-Hoc|iPhone.Build.0 = Release|x86
		{831C83B8-3C4C-4615-9686-8C01391878AC}.Ad-Hoc|iPhone.Deploy.0 = Release|x86
		{831C83B8-3C4C-4615-9686-8C01391878AC}.Ad-Hoc|iPhoneSimulator.ActiveCfg = Release|x86
		{831C83B8-3C4C-4615-9686-8C01391878AC}.Ad-Hoc|iPhoneSimulator.Build.0 = Release|x86
		{831C83B8-3C4C-4615-9686-8C01391878AC}.Ad-Hoc|iPhoneSimulator.Deploy.0 = Release|x86
		{831C83B8-3C4C-4615-9686-8C01391878AC}.Ad-Hoc|x64.ActiveCfg = Release|x64
		{831C83B8-3C4C-4615-9686-8C01391878AC}.Ad-Hoc|x64.Build.0 = Release|x64
		{831C83B8-3C4C-4615-9686-8C01391878AC}.Ad-Hoc|x64.Deploy.0 = Release|x64
		{831C83B8-3C4C-4615-9686-8C01391878AC}.Ad-Hoc|x86.ActiveCfg = Release|x86
		{831C83B8-3C4C-4615-9686-8C01391878AC}.Ad-Hoc|x86.Build.0 = Release|x86
		{831C83B8-3C4C-4615-9686-8C01391878AC}.Ad-Hoc|x86.Deploy.0 = Release|x86
		{831C83B8-3C4C-4615-9686-8C01391878AC}.AppStore|Any CPU.ActiveCfg = Release|x86
		{831C83B8-3C4C-4615-9686-8C01391878AC}.AppStore|Any CPU.Build.0 = Release|x86
		{831C83B8-3C4C-4615-9686-8C01391878AC}.AppStore|Any CPU.Deploy.0 = Release|x86
		{831C83B8-3C4C-4615-9686-8C01391878AC}.AppStore|ARM.ActiveCfg = Release|ARM
		{831C83B8-3C4C-4615-9686-8C01391878AC}.AppStore|ARM.Build.0 = Release|ARM
		{831C83B8-3C4C-4615-9686-8C01391878AC}.AppStore|ARM.Deploy.0 = Release|ARM
		{831C83B8-3C4C-4615-9686-8C01391878AC}.AppStore|iPhone.ActiveCfg = Release|x86
		{831C83B8-3C4C-4615-9686-8C01391878AC}.AppStore|iPhone.Build.0 = Release|x86
		{831C83B8-3C4C-4615-9686-8C01391878AC}.AppStore|iPhone.Deploy.0 = Release|x86
		{831C83B8-3C4C-4615-9686-8C01391878AC}.AppStore|iPhoneSimulator.ActiveCfg = Release|x86
		{831C83B8-3C4C-4615-9686-8C01391878AC}.AppStore|iPhoneSimulator.Build.0 = Release|x86
		{831C83B8-3C4C-4615-9686-8C01391878AC}.AppStore|iPhoneSimulator.Deploy.0 = Release|x86
		{831C83B8-3C4C-4615-9686-8C01391878AC}.AppStore|x64.ActiveCfg = Release|x64
		{831C83B8-3C4C-4615-9686-8C01391878AC}.AppStore|x64.Build.0 = Release|x64
		{831C83B8-3C4C-4615-9686-8C01391878AC}.AppStore|x64.Deploy.0 = Release|x64
		{831C83B8-3C4C-4615-9686-8C01391878AC}.AppStore|x86.ActiveCfg = Release|x86
		{831C83B8-3C4C-4615-9686-8C01391878AC}.AppStore|x86.Build.0 = Release|x86
		{831C83B8-3C4C-4615-9686-8C01391878AC}.AppStore|x86.Deploy.0 = Release|x86
		{831C83B8-3C4C-4615-9686-8C01391878AC}.Debug|Any CPU.ActiveCfg = Debug|x86
		{831C83B8-3C4C-4615-9686-8C01391878AC}.Debug|ARM.ActiveCfg = Debug|ARM
		{831C83B8-3C4C-4615-9686-8C01391878AC}.Debug|ARM.Build.0 = Debug|ARM
		{831C83B8-3C4C-4615-9686-8C01391878AC}.Debug|ARM.Deploy.0 = Debug|ARM
		{831C83B8-3C4C-4615-9686-8C01391878AC}.Debug|iPhone.ActiveCfg = Debug|x86
		{831C83B8-3C4C-4615-9686-8C01391878AC}.Debug|iPhoneSimulator.ActiveCfg = Debug|x86
		{831C83B8-3C4C-4615-9686-8C01391878AC}.Debug|x64.ActiveCfg = Debug|x64
		{831C83B8-3C4C-4615-9686-8C01391878AC}.Debug|x64.Build.0 = Debug|x64
		{831C83B8-3C4C-4615-9686-8C01391878AC}.Debug|x64.Deploy.0 = Debug|x64
		{831C83B8-3C4C-4615-9686-8C01391878AC}.Debug|x86.ActiveCfg = Debug|x86
		{831C83B8-3C4C-4615-9686-8C01391878AC}.Debug|x86.Build.0 = Debug|x86
		{831C83B8-3C4C-4615-9686-8C01391878AC}.Debug|x86.Deploy.0 = Debug|x86
		{831C83B8-3C4C-4615-9686-8C01391878AC}.Release|Any CPU.ActiveCfg = Release|x86
		{831C83B8-3C4C-4615-9686-8C01391878AC}.Release|ARM.ActiveCfg = Release|ARM
		{831C83B8-3C4C-4615-9686-8C01391878AC}.Release|ARM.Build.0 = Release|ARM
		{831C83B8-3C4C-4615-9686-8C01391878AC}.Release|ARM.Deploy.0 = Release|ARM
		{831C83B8-3C4C-4615-9686-8C01391878AC}.Release|iPhone.ActiveCfg = Release|x86
		{831C83B8-3C4C-4615-9686-8C01391878AC}.Release|iPhoneSimulator.ActiveCfg = Release|x86
		{831C83B8-3C4C-4615-9686-8C01391878AC}.Release|x64.ActiveCfg = Release|x64
		{831C83B8-3C4C-4615-9686-8C01391878AC}.Release|x64.Build.0 = Release|x64
		{831C83B8-3C4C-4615-9686-8C01391878AC}.Release|x64.Deploy.0 = Release|x64
		{831C83B8-3C4C-4615-9686-8C01391878AC}.Release|x86.ActiveCfg = Release|x86
		{831C83B8-3C4C-4615-9686-8C01391878AC}.Release|x86.Build.0 = Release|x86
		{831C83B8-3C4C-4615-9686-8C01391878AC}.Release|x86.Deploy.0 = Release|x86
		{E20BB4A5-8984-429C-A93C-24765A153CD6}.Ad-Hoc|Any CPU.ActiveCfg = Release|Any CPU
		{E20BB4A5-8984-429C-A93C-24765A153CD6}.Ad-Hoc|Any CPU.Build.0 = Release|Any CPU
		{E20BB4A5-8984-429C-A93C-24765A153CD6}.Ad-Hoc|Any CPU.Deploy.0 = Release|Any CPU
		{E20BB4A5-8984-429C-A93C-24765A153CD6}.Ad-Hoc|ARM.ActiveCfg = Release|ARM
		{E20BB4A5-8984-429C-A93C-24765A153CD6}.Ad-Hoc|ARM.Build.0 = Release|ARM
		{E20BB4A5-8984-429C-A93C-24765A153CD6}.Ad-Hoc|ARM.Deploy.0 = Release|ARM
		{E20BB4A5-8984-429C-A93C-24765A153CD6}.Ad-Hoc|iPhone.ActiveCfg = Release|Any CPU
		{E20BB4A5-8984-429C-A93C-24765A153CD6}.Ad-Hoc|iPhone.Build.0 = Release|Any CPU
		{E20BB4A5-8984-429C-A93C-24765A153CD6}.Ad-Hoc|iPhone.Deploy.0 = Release|Any CPU
		{E20BB4A5-8984-429C-A93C-24765A153CD6}.Ad-Hoc|iPhoneSimulator.ActiveCfg = Release|Any CPU
		{E20BB4A5-8984-429C-A93C-24765A153CD6}.Ad-Hoc|iPhoneSimulator.Build.0 = Release|Any CPU
		{E20BB4A5-8984-429C-A93C-24765A153CD6}.Ad-Hoc|iPhoneSimulator.Deploy.0 = Release|Any CPU
		{E20BB4A5-8984-429C-A93C-24765A153CD6}.Ad-Hoc|x64.ActiveCfg = Release|Any CPU
		{E20BB4A5-8984-429C-A93C-24765A153CD6}.Ad-Hoc|x64.Build.0 = Release|Any CPU
		{E20BB4A5-8984-429C-A93C-24765A153CD6}.Ad-Hoc|x64.Deploy.0 = Release|Any CPU
		{E20BB4A5-8984-429C-A93C-24765A153CD6}.Ad-Hoc|x86.ActiveCfg = Release|x86
		{E20BB4A5-8984-429C-A93C-24765A153CD6}.Ad-Hoc|x86.Build.0 = Release|x86
		{E20BB4A5-8984-429C-A93C-24765A153CD6}.Ad-Hoc|x86.Deploy.0 = Release|x86
		{E20BB4A5-8984-429C-A93C-24765A153CD6}.AppStore|Any CPU.ActiveCfg = Release|Any CPU
		{E20BB4A5-8984-429C-A93C-24765A153CD6}.AppStore|Any CPU.Build.0 = Release|Any CPU
		{E20BB4A5-8984-429C-A93C-24765A153CD6}.AppStore|Any CPU.Deploy.0 = Release|Any CPU
		{E20BB4A5-8984-429C-A93C-24765A153CD6}.AppStore|ARM.ActiveCfg = Release|ARM
		{E20BB4A5-8984-429C-A93C-24765A153CD6}.AppStore|ARM.Build.0 = Release|ARM
		{E20BB4A5-8984-429C-A93C-24765A153CD6}.AppStore|ARM.Deploy.0 = Release|ARM
		{E20BB4A5-8984-429C-A93C-24765A153CD6}.AppStore|iPhone.ActiveCfg = Release|Any CPU
		{E20BB4A5-8984-429C-A93C-24765A153CD6}.AppStore|iPhone.Build.0 = Release|Any CPU
		{E20BB4A5-8984-429C-A93C-24765A153CD6}.AppStore|iPhone.Deploy.0 = Release|Any CPU
		{E20BB4A5-8984-429C-A93C-24765A153CD6}.AppStore|iPhoneSimulator.ActiveCfg = Release|Any CPU
		{E20BB4A5-8984-429C-A93C-24765A153CD6}.AppStore|iPhoneSimulator.Build.0 = Release|Any CPU
		{E20BB4A5-8984-429C-A93C-24765A153CD6}.AppStore|iPhoneSimulator.Deploy.0 = Release|Any CPU
		{E20BB4A5-8984-429C-A93C-24765A153CD6}.AppStore|x64.ActiveCfg = Release|Any CPU
		{E20BB4A5-8984-429C-A93C-24765A153CD6}.AppStore|x64.Build.0 = Release|Any CPU
		{E20BB4A5-8984-429C-A93C-24765A153CD6}.AppStore|x64.Deploy.0 = Release|Any CPU
		{E20BB4A5-8984-429C-A93C-24765A153CD6}.AppStore|x86.ActiveCfg = Release|x86
		{E20BB4A5-8984-429C-A93C-24765A153CD6}.AppStore|x86.Build.0 = Release|x86
		{E20BB4A5-8984-429C-A93C-24765A153CD6}.AppStore|x86.Deploy.0 = Release|x86
		{E20BB4A5-8984-429C-A93C-24765A153CD6}.Debug|Any CPU.ActiveCfg = Debug|Any CPU
		{E20BB4A5-8984-429C-A93C-24765A153CD6}.Debug|Any CPU.Build.0 = Debug|Any CPU
		{E20BB4A5-8984-429C-A93C-24765A153CD6}.Debug|Any CPU.Deploy.0 = Debug|Any CPU
		{E20BB4A5-8984-429C-A93C-24765A153CD6}.Debug|ARM.ActiveCfg = Debug|ARM
		{E20BB4A5-8984-429C-A93C-24765A153CD6}.Debug|ARM.Build.0 = Debug|ARM
		{E20BB4A5-8984-429C-A93C-24765A153CD6}.Debug|ARM.Deploy.0 = Debug|ARM
		{E20BB4A5-8984-429C-A93C-24765A153CD6}.Debug|iPhone.ActiveCfg = Debug|Any CPU
		{E20BB4A5-8984-429C-A93C-24765A153CD6}.Debug|iPhone.Build.0 = Debug|Any CPU
		{E20BB4A5-8984-429C-A93C-24765A153CD6}.Debug|iPhone.Deploy.0 = Debug|Any CPU
		{E20BB4A5-8984-429C-A93C-24765A153CD6}.Debug|iPhoneSimulator.ActiveCfg = Debug|Any CPU
		{E20BB4A5-8984-429C-A93C-24765A153CD6}.Debug|iPhoneSimulator.Build.0 = Debug|Any CPU
		{E20BB4A5-8984-429C-A93C-24765A153CD6}.Debug|iPhoneSimulator.Deploy.0 = Debug|Any CPU
		{E20BB4A5-8984-429C-A93C-24765A153CD6}.Debug|x64.ActiveCfg = Debug|Any CPU
		{E20BB4A5-8984-429C-A93C-24765A153CD6}.Debug|x64.Build.0 = Debug|Any CPU
		{E20BB4A5-8984-429C-A93C-24765A153CD6}.Debug|x64.Deploy.0 = Debug|Any CPU
		{E20BB4A5-8984-429C-A93C-24765A153CD6}.Debug|x86.ActiveCfg = Debug|x86
		{E20BB4A5-8984-429C-A93C-24765A153CD6}.Debug|x86.Build.0 = Debug|x86
		{E20BB4A5-8984-429C-A93C-24765A153CD6}.Debug|x86.Deploy.0 = Debug|x86
		{E20BB4A5-8984-429C-A93C-24765A153CD6}.Release|Any CPU.ActiveCfg = Release|Any CPU
		{E20BB4A5-8984-429C-A93C-24765A153CD6}.Release|Any CPU.Build.0 = Release|Any CPU
		{E20BB4A5-8984-429C-A93C-24765A153CD6}.Release|Any CPU.Deploy.0 = Release|Any CPU
		{E20BB4A5-8984-429C-A93C-24765A153CD6}.Release|ARM.ActiveCfg = Release|ARM
		{E20BB4A5-8984-429C-A93C-24765A153CD6}.Release|ARM.Build.0 = Release|ARM
		{E20BB4A5-8984-429C-A93C-24765A153CD6}.Release|ARM.Deploy.0 = Release|ARM
		{E20BB4A5-8984-429C-A93C-24765A153CD6}.Release|iPhone.ActiveCfg = Release|Any CPU
		{E20BB4A5-8984-429C-A93C-24765A153CD6}.Release|iPhone.Build.0 = Release|Any CPU
		{E20BB4A5-8984-429C-A93C-24765A153CD6}.Release|iPhone.Deploy.0 = Release|Any CPU
		{E20BB4A5-8984-429C-A93C-24765A153CD6}.Release|iPhoneSimulator.ActiveCfg = Release|Any CPU
		{E20BB4A5-8984-429C-A93C-24765A153CD6}.Release|iPhoneSimulator.Build.0 = Release|Any CPU
		{E20BB4A5-8984-429C-A93C-24765A153CD6}.Release|iPhoneSimulator.Deploy.0 = Release|Any CPU
		{E20BB4A5-8984-429C-A93C-24765A153CD6}.Release|x64.ActiveCfg = Release|Any CPU
		{E20BB4A5-8984-429C-A93C-24765A153CD6}.Release|x64.Build.0 = Release|Any CPU
		{E20BB4A5-8984-429C-A93C-24765A153CD6}.Release|x64.Deploy.0 = Release|Any CPU
		{E20BB4A5-8984-429C-A93C-24765A153CD6}.Release|x86.ActiveCfg = Release|x86
		{E20BB4A5-8984-429C-A93C-24765A153CD6}.Release|x86.Build.0 = Release|x86
		{E20BB4A5-8984-429C-A93C-24765A153CD6}.Release|x86.Deploy.0 = Release|x86
	EndGlobalSection
	GlobalSection(SolutionProperties) = preSolution
		HideSolutionNode = FALSE
	EndGlobalSection
	GlobalSection(NestedProjects) = preSolution
		{CC302C20-2355-42C2-AFC4-FE52D41191DC} = {A49E0F9E-07C8-405D-90EF-B52787055796}
		{E033292C-1101-44F4-867D-083EF8DB215F} = {A49E0F9E-07C8-405D-90EF-B52787055796}
		{67F9D3A8-F71E-4428-913F-C37AE82CDB24} = {5882BB5B-58A9-4933-91EF-68B95420C283}
		{E2CDC5CF-1A13-4E79-8A6F-FAB20D69296E} = {5882BB5B-58A9-4933-91EF-68B95420C283}
		{831C83B8-3C4C-4615-9686-8C01391878AC} = {5F2BD54F-B300-4220-8A5E-C42EEAAA35E9}
		{E20BB4A5-8984-429C-A93C-24765A153CD6} = {5882BB5B-58A9-4933-91EF-68B95420C283}
	EndGlobalSection
EndGlobal
